{
  "pins" : [
    {
      "identity" : "appconfiguration",
      "kind" : "remoteSourceControl",
      "location" : "https://github.com/purenative/AppConfiguration.git",
      "state" : {
        "revision" : "f9d085ade38dc745229eb73a8f6f3a7b6639ea22",
        "version" : "0.0.1"
      }
    },
    {
      "identity" : "pncomponentns",
      "kind" : "remoteSourceControl",
      "location" : "https://github.com/purenative/pncomponentns.git",
      "state" : {
        "branch" : "main",
        "revision" : "82c593dbb854dda431f800dc459d677c9c470f7e"
      }
    },
    {
      "identity" : "statefularch",
      "kind" : "remoteSourceControl",
      "location" : "https://github.com/purenative/StatefulArch",
      "state" : {
        "revision" : "839824ca200c8f1ecc6219f06a6838d20735f03f",
        "version" : "0.1.1"
      }
    },
    {
      "identity" : "swiftdi",
      "kind" : "remoteSourceControl",
      "location" : "https://github.com/purenative/SwiftDI.git",
      "state" : {
        "revision" : "9976875b6a5fda81c156743bf53cb95ce0ebeb3f",
        "version" : "0.0.2"
      }
    }
  ],
  "version" : 2
}
