{
  "pins" : [
    {
      "identity" : "appconfiguration",
      "kind" : "remoteSourceControl",
      "location" : "https://github.com/purenative/AppConfiguration",
      "state" : {
        "branch" : "main",
        "revision" : "1fefbba311c2b81462806e4365d7c3d708780fee"
      }
    },
    {
      "identity" : "ioswebclient",
      "kind" : "remoteSourceControl",
      "location" : "https://github.com/purenative/iOSWebClient",
      "state" : {
        "branch" : "main",
        "revision" : "0315eb93ae83cf164553811e5d238b50ed379727"
      }
    },
    {
      "identity" : "pncomponentns",
      "kind" : "remoteSourceControl",
      "location" : "https://github.com/purenative/pncomponentns.git",
      "state" : {
        "branch" : "main",
        "revision" : "82c593dbb854dda431f800dc459d677c9c470f7e"
      }
    },
    {
      "identity" : "realm-core",
      "kind" : "remoteSourceControl",
      "location" : "https://github.com/realm/realm-core.git",
      "state" : {
        "revision" : "36b2df44453ba5e830369c76ab0683799a287605",
        "version" : "13.13.0"
      }
    },
    {
      "identity" : "realm-swift",
      "kind" : "remoteSourceControl",
      "location" : "https://github.com/realm/realm-swift",
      "state" : {
        "branch" : "master",
        "revision" : "9ce8cf2c6cc1a7539e9feb1b5b85da6d20219ff5"
      }
    },
    {
      "identity" : "statefularch",
      "kind" : "remoteSourceControl",
      "location" : "https://github.com/purenative/StatefulArch.git",
      "state" : {
        "branch" : "main",
        "revision" : "54cf6e8abbb9a141f9ca51124c66a3376b3fdce4"
      }
    },
    {
      "identity" : "swiftdi",
      "kind" : "remoteSourceControl",
      "location" : "https://github.com/purenative/SwiftDI.git",
      "state" : {
        "branch" : "main",
        "revision" : "9976875b6a5fda81c156743bf53cb95ce0ebeb3f"
      }
    }
  ],
  "version" : 2
}
