// !$*UTF8*$!
{
	archiveVersion = 1;
	classes = {
	};
	objectVersion = 56;
	objects = {

/* Begin PBXBuildFile section */
		9D0A6C152A1D043A007FF4DC /* URLSession.swift in Sources */ = {isa = PBXBuildFile; fileRef = 9D0A6C142A1D043A007FF4DC /* URLSession.swift */; };
		9D12F5B029FD66810019625E /* ArtifactItem.swift in Sources */ = {isa = PBXBuildFile; fileRef = 9D12F5AF29FD66810019625E /* ArtifactItem.swift */; };
		9D12F5B229FFB8C30019625E /* ArtifactsMainInterceptor.swift in Sources */ = {isa = PBXBuildFile; fileRef = 9D12F5B129FFB8C30019625E /* ArtifactsMainInterceptor.swift */; };
		9D12F5B429FFB9390019625E /* ArtifactsMainPage.swift in Sources */ = {isa = PBXBuildFile; fileRef = 9D12F5B329FFB9390019625E /* ArtifactsMainPage.swift */; };
		9D12F5B629FFBD540019625E /* ItemOverlayView.swift in Sources */ = {isa = PBXBuildFile; fileRef = 9D12F5B529FFBD540019625E /* ItemOverlayView.swift */; };
		9D12F5B829FFC1260019625E /* PrimaryTextFieldKeyboardType.swift in Sources */ = {isa = PBXBuildFile; fileRef = 9D12F5B729FFC1260019625E /* PrimaryTextFieldKeyboardType.swift */; };
		9D12F5BC29FFD7A80019625E /* ModelViewerModuleBuilder.swift in Sources */ = {isa = PBXBuildFile; fileRef = 9D12F5BB29FFD7A80019625E /* ModelViewerModuleBuilder.swift */; };
		9D12F5BF29FFDBA40019625E /* ModelViewerMainAction.swift in Sources */ = {isa = PBXBuildFile; fileRef = 9D12F5BE29FFDBA40019625E /* ModelViewerMainAction.swift */; };
		9D12F5C129FFDBF30019625E /* ModelViewerMainState.swift in Sources */ = {isa = PBXBuildFile; fileRef = 9D12F5C029FFDBF30019625E /* ModelViewerMainState.swift */; };
		9D12F5C529FFDC7E0019625E /* ModelViewerMainInterceptor.swift in Sources */ = {isa = PBXBuildFile; fileRef = 9D12F5C429FFDC7E0019625E /* ModelViewerMainInterceptor.swift */; };
		9D12F5C729FFDCE50019625E /* ModelViewerMainPage.swift in Sources */ = {isa = PBXBuildFile; fileRef = 9D12F5C629FFDCE50019625E /* ModelViewerMainPage.swift */; };
		9D12F5C929FFDE550019625E /* DeleteButton.swift in Sources */ = {isa = PBXBuildFile; fileRef = 9D12F5C829FFDE550019625E /* DeleteButton.swift */; };
		9D12F5CD29FFEFF70019625E /* ApiClient.swift in Sources */ = {isa = PBXBuildFile; fileRef = 9D12F5CC29FFEFF70019625E /* ApiClient.swift */; };
		9D12F5D329FFF1A00019625E /* ApiRouter.swift in Sources */ = {isa = PBXBuildFile; fileRef = 9D12F5D229FFF1A00019625E /* ApiRouter.swift */; };
		9D12F5D529FFF2F70019625E /* ApiConstants.swift in Sources */ = {isa = PBXBuildFile; fileRef = 9D12F5D429FFF2F70019625E /* ApiConstants.swift */; };
		9D12F5D729FFF64E0019625E /* ApiRequestParameters.swift in Sources */ = {isa = PBXBuildFile; fileRef = 9D12F5D629FFF64E0019625E /* ApiRequestParameters.swift */; };
		9D12F5DC2A0011E50019625E /* AuthService.swift in Sources */ = {isa = PBXBuildFile; fileRef = 9D12F5DB2A0011E50019625E /* AuthService.swift */; };
		9D12F5DE2A0012110019625E /* JSONWebTokenStorage.swift in Sources */ = {isa = PBXBuildFile; fileRef = 9D12F5DD2A0012110019625E /* JSONWebTokenStorage.swift */; };
		9D12F5E02A0018D40019625E /* AppDataStorageService.swift in Sources */ = {isa = PBXBuildFile; fileRef = 9D12F5DF2A0018D40019625E /* AppDataStorageService.swift */; };
		9D12F5E22A001A4F0019625E /* TokenResponse.swift in Sources */ = {isa = PBXBuildFile; fileRef = 9D12F5E12A001A4F0019625E /* TokenResponse.swift */; };
		9D12F5E62A0023700019625E /* AlertNavigation.swift in Sources */ = {isa = PBXBuildFile; fileRef = 9D12F5E52A0023700019625E /* AlertNavigation.swift */; };
		9D12F5EB2A0029E70019625E /* ErrorProcessor.swift in Sources */ = {isa = PBXBuildFile; fileRef = 9D12F5EA2A0029E70019625E /* ErrorProcessor.swift */; };
		9D12F5ED2A002A090019625E /* ErrorQueue.swift in Sources */ = {isa = PBXBuildFile; fileRef = 9D12F5EC2A002A090019625E /* ErrorQueue.swift */; };
		9D12F5EF2A002A2E0019625E /* ErrorHandler.swift in Sources */ = {isa = PBXBuildFile; fileRef = 9D12F5EE2A002A2E0019625E /* ErrorHandler.swift */; };
		9D12F5F12A002A4B0019625E /* ErrorRecord.swift in Sources */ = {isa = PBXBuildFile; fileRef = 9D12F5F02A002A4B0019625E /* ErrorRecord.swift */; };
		9D12F5F32A002A7D0019625E /* AppErrorProcessor.swift in Sources */ = {isa = PBXBuildFile; fileRef = 9D12F5F22A002A7D0019625E /* AppErrorProcessor.swift */; };
		9D12F5F52A002AF40019625E /* Strings.swift in Sources */ = {isa = PBXBuildFile; fileRef = 9D12F5F42A002AF40019625E /* Strings.swift */; };
		9D12F5F72A002BF70019625E /* DecodingError.swift in Sources */ = {isa = PBXBuildFile; fileRef = 9D12F5F62A002BF70019625E /* DecodingError.swift */; };
		9D12F5F92A00322C0019625E /* ErrorProcessorConfiguration.swift in Sources */ = {isa = PBXBuildFile; fileRef = 9D12F5F82A00322C0019625E /* ErrorProcessorConfiguration.swift */; };
		9D12F5FD2A003BB00019625E /* TasksMainScenario.swift in Sources */ = {isa = PBXBuildFile; fileRef = 9D12F5FC2A003BB00019625E /* TasksMainScenario.swift */; };
		9D12F5FF2A003C080019625E /* TasksMainScenarioProtocol.swift in Sources */ = {isa = PBXBuildFile; fileRef = 9D12F5FE2A003C080019625E /* TasksMainScenarioProtocol.swift */; };
		9D12F6012A0041180019625E /* TasksService.swift in Sources */ = {isa = PBXBuildFile; fileRef = 9D12F6002A0041180019625E /* TasksService.swift */; };
		9D12F6032A00498C0019625E /* TasksResponse.swift in Sources */ = {isa = PBXBuildFile; fileRef = 9D12F6022A00498C0019625E /* TasksResponse.swift */; };
		9D32B6322A08CF8D001095D4 /* StatefulArch in Frameworks */ = {isa = PBXBuildFile; productRef = 9D32B6312A08CF8D001095D4 /* StatefulArch */; };
		9D32B6352A08CFE8001095D4 /* WebClient in Frameworks */ = {isa = PBXBuildFile; productRef = 9D32B6342A08CFE8001095D4 /* WebClient */; };
		9D32B6382A08D010001095D4 /* AppConfiguration in Frameworks */ = {isa = PBXBuildFile; productRef = 9D32B6372A08D010001095D4 /* AppConfiguration */; };
		9D32B63B2A08D03D001095D4 /* SwiftDI in Frameworks */ = {isa = PBXBuildFile; productRef = 9D32B63A2A08D03D001095D4 /* SwiftDI */; };
		9D5A801F29BB9D5300648BA1 /* AcelanProgressApp.swift in Sources */ = {isa = PBXBuildFile; fileRef = 9D5A801E29BB9D5300648BA1 /* AcelanProgressApp.swift */; };
		9D5A802329BB9D5900648BA1 /* Assets.xcassets in Resources */ = {isa = PBXBuildFile; fileRef = 9D5A802229BB9D5900648BA1 /* Assets.xcassets */; };
		9D6530722A015A2100434A94 /* String+Date.swift in Sources */ = {isa = PBXBuildFile; fileRef = 9D6530712A015A2100434A94 /* String+Date.swift */; };
		9D6530742A0163B800434A94 /* TasksDetailScenario.swift in Sources */ = {isa = PBXBuildFile; fileRef = 9D6530732A0163B700434A94 /* TasksDetailScenario.swift */; };
		9D6530762A0163C600434A94 /* TasksDetailScenarioProtocol.swift in Sources */ = {isa = PBXBuildFile; fileRef = 9D6530752A0163C600434A94 /* TasksDetailScenarioProtocol.swift */; };
		9D6530782A01718500434A94 /* ArtifactsService.swift in Sources */ = {isa = PBXBuildFile; fileRef = 9D6530772A01718500434A94 /* ArtifactsService.swift */; };
		9D7620552A1900CF00FAE9CE /* Artifact.swift in Sources */ = {isa = PBXBuildFile; fileRef = 9D7620542A1900CF00FAE9CE /* Artifact.swift */; };
		9D7620572A19311000FAE9CE /* ArtifactsRepository.swift in Sources */ = {isa = PBXBuildFile; fileRef = 9D7620562A19311000FAE9CE /* ArtifactsRepository.swift */; };
		9D76205A2A1A2E4500FAE9CE /* Realm in Frameworks */ = {isa = PBXBuildFile; productRef = 9D7620592A1A2E4500FAE9CE /* Realm */; };
		9D76205C2A1A2E4500FAE9CE /* RealmSwift in Frameworks */ = {isa = PBXBuildFile; productRef = 9D76205B2A1A2E4500FAE9CE /* RealmSwift */; };
		9D7692AF29FA585200EE0B53 /* TaskStatusView.swift in Sources */ = {isa = PBXBuildFile; fileRef = 9D7692AE29FA585200EE0B53 /* TaskStatusView.swift */; };
		9D7692B329FA694B00EE0B53 /* ArtifactItemView.swift in Sources */ = {isa = PBXBuildFile; fileRef = 9D7692B229FA694B00EE0B53 /* ArtifactItemView.swift */; };
		9D7692B729FA70E400EE0B53 /* HLabel.swift in Sources */ = {isa = PBXBuildFile; fileRef = 9D7692B629FA70E400EE0B53 /* HLabel.swift */; };
		9D7692BA29FA7F1400EE0B53 /* ArtifactsModuleBuilder.swift in Sources */ = {isa = PBXBuildFile; fileRef = 9D7692B929FA7F1400EE0B53 /* ArtifactsModuleBuilder.swift */; };
		9D7692BD29FA7F3A00EE0B53 /* ArtifactsMainAction.swift in Sources */ = {isa = PBXBuildFile; fileRef = 9D7692BC29FA7F3A00EE0B53 /* ArtifactsMainAction.swift */; };
		9D7692BF29FA7F7400EE0B53 /* ArtifactsMainState.swift in Sources */ = {isa = PBXBuildFile; fileRef = 9D7692BE29FA7F7400EE0B53 /* ArtifactsMainState.swift */; };
		9D7D4D3D29F553000033B5AF /* TasksModuleBuilder.swift in Sources */ = {isa = PBXBuildFile; fileRef = 9D7D4D3C29F553000033B5AF /* TasksModuleBuilder.swift */; };
		9D7D4D4029F5533A0033B5AF /* TasksMainPage.swift in Sources */ = {isa = PBXBuildFile; fileRef = 9D7D4D3F29F5533A0033B5AF /* TasksMainPage.swift */; };
		9D7D4D4229F553490033B5AF /* TasksMainState.swift in Sources */ = {isa = PBXBuildFile; fileRef = 9D7D4D4129F553490033B5AF /* TasksMainState.swift */; };
		9D7D4D4429F553B30033B5AF /* TasksMainInterceptor.swift in Sources */ = {isa = PBXBuildFile; fileRef = 9D7D4D4329F553B30033B5AF /* TasksMainInterceptor.swift */; };
		9D7D4D4629F553CD0033B5AF /* TasksMainAction.swift in Sources */ = {isa = PBXBuildFile; fileRef = 9D7D4D4529F553CD0033B5AF /* TasksMainAction.swift */; };
		9D7D4D4A29F557630033B5AF /* NavigationController.swift in Sources */ = {isa = PBXBuildFile; fileRef = 9D7D4D4929F557630033B5AF /* NavigationController.swift */; };
		9D7D4D4C29F58DDD0033B5AF /* TabBarController.swift in Sources */ = {isa = PBXBuildFile; fileRef = 9D7D4D4B29F58DDD0033B5AF /* TabBarController.swift */; };
		9D7D4D4E29F58F790033B5AF /* TabBarItem.swift in Sources */ = {isa = PBXBuildFile; fileRef = 9D7D4D4D29F58F790033B5AF /* TabBarItem.swift */; };
		9D7D4D5229F5909F0033B5AF /* MainModuleBuilder.swift in Sources */ = {isa = PBXBuildFile; fileRef = 9D7D4D5129F5909F0033B5AF /* MainModuleBuilder.swift */; };
		9D7D4D5429F591820033B5AF /* SecondaryButton.swift in Sources */ = {isa = PBXBuildFile; fileRef = 9D7D4D5329F591820033B5AF /* SecondaryButton.swift */; };
		9D7D4D5729F592340033B5AF /* ProfileModuleBuilder.swift in Sources */ = {isa = PBXBuildFile; fileRef = 9D7D4D5629F592340033B5AF /* ProfileModuleBuilder.swift */; };
		9D7D4D5A29F592610033B5AF /* ProfileMainState.swift in Sources */ = {isa = PBXBuildFile; fileRef = 9D7D4D5929F592610033B5AF /* ProfileMainState.swift */; };
		9D7D4D5C29F592A00033B5AF /* ProfileMainAction.swift in Sources */ = {isa = PBXBuildFile; fileRef = 9D7D4D5B29F592A00033B5AF /* ProfileMainAction.swift */; };
		9D7D4D5E29F592BE0033B5AF /* ProfileMainInterceptor.swift in Sources */ = {isa = PBXBuildFile; fileRef = 9D7D4D5D29F592BE0033B5AF /* ProfileMainInterceptor.swift */; };
		9D7D4D6029F593190033B5AF /* ProfileMainScenario.swift in Sources */ = {isa = PBXBuildFile; fileRef = 9D7D4D5F29F593190033B5AF /* ProfileMainScenario.swift */; };
		9D7D4D6229F593340033B5AF /* ProfileMainScenarioProtocol.swift in Sources */ = {isa = PBXBuildFile; fileRef = 9D7D4D6129F593340033B5AF /* ProfileMainScenarioProtocol.swift */; };
		9D7D4D6429F5947D0033B5AF /* ProfileMainPage.swift in Sources */ = {isa = PBXBuildFile; fileRef = 9D7D4D6329F5947D0033B5AF /* ProfileMainPage.swift */; };
		9D7D4D6729F5955C0033B5AF /* VLabel.swift in Sources */ = {isa = PBXBuildFile; fileRef = 9D7D4D6629F5955C0033B5AF /* VLabel.swift */; };
		9D7D991C29F6F271008AC934 /* Loader.swift in Sources */ = {isa = PBXBuildFile; fileRef = 9D7D991B29F6F271008AC934 /* Loader.swift */; };
		9D7D991F29F6F441008AC934 /* LoadingModifier.swift in Sources */ = {isa = PBXBuildFile; fileRef = 9D7D991E29F6F441008AC934 /* LoadingModifier.swift */; };
		9D8311BA2A1A580800B376CE /* ArtifactsMainScenario.swift in Sources */ = {isa = PBXBuildFile; fileRef = 9D8311B92A1A580800B376CE /* ArtifactsMainScenario.swift */; };
		9D8311BC2A1A582B00B376CE /* ArtifactsMainScenarioProtocol.swift in Sources */ = {isa = PBXBuildFile; fileRef = 9D8311BB2A1A582B00B376CE /* ArtifactsMainScenarioProtocol.swift */; };
		9D8311BE2A1A7E5F00B376CE /* ModelViewerScenario.swift in Sources */ = {isa = PBXBuildFile; fileRef = 9D8311BD2A1A7E5F00B376CE /* ModelViewerScenario.swift */; };
		9D8311C02A1A7E6A00B376CE /* ModelViewerScenarioProtocol.swift in Sources */ = {isa = PBXBuildFile; fileRef = 9D8311BF2A1A7E6A00B376CE /* ModelViewerScenarioProtocol.swift */; };
		9DA4A40129F502CC00A85AF5 /* AcelanTaskStatus.swift in Sources */ = {isa = PBXBuildFile; fileRef = 9DA4A40029F502CC00A85AF5 /* AcelanTaskStatus.swift */; };
		9DA4A40329F5097400A85AF5 /* AcelanTask.swift in Sources */ = {isa = PBXBuildFile; fileRef = 9DA4A40229F5097400A85AF5 /* AcelanTask.swift */; };
		9DA4A40729F50A6100A85AF5 /* AcelanTaskDateFormatter.swift in Sources */ = {isa = PBXBuildFile; fileRef = 9DA4A40629F50A6100A85AF5 /* AcelanTaskDateFormatter.swift */; };
		9DA4A40929F50A9E00A85AF5 /* DateFormatterProtocol.swift in Sources */ = {isa = PBXBuildFile; fileRef = 9DA4A40829F50A9E00A85AF5 /* DateFormatterProtocol.swift */; };
		9DA4A40B29F50C2900A85AF5 /* AcelanTaskArtifact.swift in Sources */ = {isa = PBXBuildFile; fileRef = 9DA4A40A29F50C2900A85AF5 /* AcelanTaskArtifact.swift */; };
		9DA4A40D29F50EA200A85AF5 /* AcelanTaskFileType.swift in Sources */ = {isa = PBXBuildFile; fileRef = 9DA4A40C29F50EA200A85AF5 /* AcelanTaskFileType.swift */; };
		9DA4A41429F5321A00A85AF5 /* String.swift in Sources */ = {isa = PBXBuildFile; fileRef = 9DA4A41329F5321A00A85AF5 /* String.swift */; };
		9DA4A41629F5446600A85AF5 /* Int+String.swift in Sources */ = {isa = PBXBuildFile; fileRef = 9DA4A41529F5446600A85AF5 /* Int+String.swift */; };
		9DA57BF029F40ED400B3BBAE /* PrimaryButton.swift in Sources */ = {isa = PBXBuildFile; fileRef = 9DA57BEF29F40ED400B3BBAE /* PrimaryButton.swift */; };
		9DA57BF229F4109700B3BBAE /* ColorResource.swift in Sources */ = {isa = PBXBuildFile; fileRef = 9DA57BF129F4109700B3BBAE /* ColorResource.swift */; };
		9DA57BF429F411D600B3BBAE /* ImageResource.swift in Sources */ = {isa = PBXBuildFile; fileRef = 9DA57BF329F411D600B3BBAE /* ImageResource.swift */; };
		9DA57BFA29F417C100B3BBAE /* PNComponents in Frameworks */ = {isa = PBXBuildFile; productRef = 9DA57BF929F417C100B3BBAE /* PNComponents */; };
		9DA57BFC29F425FD00B3BBAE /* PrimaryTextField.swift in Sources */ = {isa = PBXBuildFile; fileRef = 9DA57BFB29F425FD00B3BBAE /* PrimaryTextField.swift */; };
		9DA57BFF29F4263200B3BBAE /* PrimaryTextFieldState.swift in Sources */ = {isa = PBXBuildFile; fileRef = 9DA57BFE29F4263200B3BBAE /* PrimaryTextFieldState.swift */; };
		9DA57C0429F434BD00B3BBAE /* LoginMainState.swift in Sources */ = {isa = PBXBuildFile; fileRef = 9DA57C0329F434BD00B3BBAE /* LoginMainState.swift */; };
		9DA57C0629F4350B00B3BBAE /* LoginMainAction.swift in Sources */ = {isa = PBXBuildFile; fileRef = 9DA57C0529F4350B00B3BBAE /* LoginMainAction.swift */; };
		9DA57C0829F435A200B3BBAE /* LoginMainInterceptor.swift in Sources */ = {isa = PBXBuildFile; fileRef = 9DA57C0729F435A200B3BBAE /* LoginMainInterceptor.swift */; };
		9DA57C0A29F435E800B3BBAE /* LoginMainPage.swift in Sources */ = {isa = PBXBuildFile; fileRef = 9DA57C0929F435E800B3BBAE /* LoginMainPage.swift */; };
		9DA57C0C29F4362F00B3BBAE /* NavigationBar.swift in Sources */ = {isa = PBXBuildFile; fileRef = 9DA57C0B29F4362F00B3BBAE /* NavigationBar.swift */; };
		9DA57C0E29F437EE00B3BBAE /* LoginModuleBuilder.swift in Sources */ = {isa = PBXBuildFile; fileRef = 9DA57C0D29F437EE00B3BBAE /* LoginModuleBuilder.swift */; };
		9DA57C1229F439EC00B3BBAE /* DIConfiguration.swift in Sources */ = {isa = PBXBuildFile; fileRef = 9DA57C1129F439EC00B3BBAE /* DIConfiguration.swift */; };
		9DA57C1429F447FB00B3BBAE /* LoginMainScenario.swift in Sources */ = {isa = PBXBuildFile; fileRef = 9DA57C1329F447FB00B3BBAE /* LoginMainScenario.swift */; };
		9DA57C1629F4481A00B3BBAE /* LoginMainScenarioProtocol.swift in Sources */ = {isa = PBXBuildFile; fileRef = 9DA57C1529F4481A00B3BBAE /* LoginMainScenarioProtocol.swift */; };
		9DA57C1829F4490C00B3BBAE /* NavigationConfiguration.swift in Sources */ = {isa = PBXBuildFile; fileRef = 9DA57C1729F4490C00B3BBAE /* NavigationConfiguration.swift */; };
		9DA57C1D29F451F000B3BBAE /* TaskItemView.swift in Sources */ = {isa = PBXBuildFile; fileRef = 9DA57C1C29F451F000B3BBAE /* TaskItemView.swift */; };
		9DA57C2129F4525B00B3BBAE /* TaskItem.swift in Sources */ = {isa = PBXBuildFile; fileRef = 9DA57C2029F4525B00B3BBAE /* TaskItem.swift */; };
		9DB0054E2A1DE25500CDDEEC /* RealmBasedRepository.swift in Sources */ = {isa = PBXBuildFile; fileRef = 9DB0054D2A1DE25500CDDEEC /* RealmBasedRepository.swift */; };
		9DB005522A1E8C9E00CDDEEC /* String+URL.swift in Sources */ = {isa = PBXBuildFile; fileRef = 9DB005512A1E8C9E00CDDEEC /* String+URL.swift */; };
		9DBFAA0B29F7CFC1001F27DC /* BackButton.swift in Sources */ = {isa = PBXBuildFile; fileRef = 9DBFAA0A29F7CFC1001F27DC /* BackButton.swift */; };
		9DBFAA0E29F7D321001F27DC /* TasksDetailState.swift in Sources */ = {isa = PBXBuildFile; fileRef = 9DBFAA0D29F7D321001F27DC /* TasksDetailState.swift */; };
		9DBFAA1029F7D344001F27DC /* TasksDetailAction.swift in Sources */ = {isa = PBXBuildFile; fileRef = 9DBFAA0F29F7D344001F27DC /* TasksDetailAction.swift */; };
		9DBFAA1229F7D39B001F27DC /* TasksDetailInterceptor.swift in Sources */ = {isa = PBXBuildFile; fileRef = 9DBFAA1129F7D39B001F27DC /* TasksDetailInterceptor.swift */; };
		9DBFAA1429F7F160001F27DC /* TasksDetailPage.swift in Sources */ = {isa = PBXBuildFile; fileRef = 9DBFAA1329F7F160001F27DC /* TasksDetailPage.swift */; };
		9DBFAA1629F7F2E0001F27DC /* Separator.swift in Sources */ = {isa = PBXBuildFile; fileRef = 9DBFAA1529F7F2E0001F27DC /* Separator.swift */; };
		9DBFAA1A29F7F7A6001F27DC /* NavigationBarItem.swift in Sources */ = {isa = PBXBuildFile; fileRef = 9DBFAA1929F7F7A6001F27DC /* NavigationBarItem.swift */; };
/* End PBXBuildFile section */

/* Begin PBXCopyFilesBuildPhase section */
		9D7AF9D829F400B900E7C9E1 /* Embed Frameworks */ = {
			isa = PBXCopyFilesBuildPhase;
			buildActionMask = 2147483647;
			dstPath = "";
			dstSubfolderSpec = 10;
			files = (
			);
			name = "Embed Frameworks";
			runOnlyForDeploymentPostprocessing = 0;
		};
/* End PBXCopyFilesBuildPhase section */

/* Begin PBXFileReference section */
		9D0A6C142A1D043A007FF4DC /* URLSession.swift */ = {isa = PBXFileReference; lastKnownFileType = sourcecode.swift; path = URLSession.swift; sourceTree = "<group>"; };
		9D12F5AF29FD66810019625E /* ArtifactItem.swift */ = {isa = PBXFileReference; lastKnownFileType = sourcecode.swift; path = ArtifactItem.swift; sourceTree = "<group>"; };
		9D12F5B129FFB8C30019625E /* ArtifactsMainInterceptor.swift */ = {isa = PBXFileReference; lastKnownFileType = sourcecode.swift; path = ArtifactsMainInterceptor.swift; sourceTree = "<group>"; };
		9D12F5B329FFB9390019625E /* ArtifactsMainPage.swift */ = {isa = PBXFileReference; lastKnownFileType = sourcecode.swift; path = ArtifactsMainPage.swift; sourceTree = "<group>"; };
		9D12F5B529FFBD540019625E /* ItemOverlayView.swift */ = {isa = PBXFileReference; lastKnownFileType = sourcecode.swift; path = ItemOverlayView.swift; sourceTree = "<group>"; };
		9D12F5B729FFC1260019625E /* PrimaryTextFieldKeyboardType.swift */ = {isa = PBXFileReference; lastKnownFileType = sourcecode.swift; path = PrimaryTextFieldKeyboardType.swift; sourceTree = "<group>"; };
		9D12F5BB29FFD7A80019625E /* ModelViewerModuleBuilder.swift */ = {isa = PBXFileReference; lastKnownFileType = sourcecode.swift; path = ModelViewerModuleBuilder.swift; sourceTree = "<group>"; };
		9D12F5BE29FFDBA40019625E /* ModelViewerMainAction.swift */ = {isa = PBXFileReference; lastKnownFileType = sourcecode.swift; path = ModelViewerMainAction.swift; sourceTree = "<group>"; };
		9D12F5C029FFDBF30019625E /* ModelViewerMainState.swift */ = {isa = PBXFileReference; lastKnownFileType = sourcecode.swift; path = ModelViewerMainState.swift; sourceTree = "<group>"; };
		9D12F5C429FFDC7E0019625E /* ModelViewerMainInterceptor.swift */ = {isa = PBXFileReference; lastKnownFileType = sourcecode.swift; path = ModelViewerMainInterceptor.swift; sourceTree = "<group>"; };
		9D12F5C629FFDCE50019625E /* ModelViewerMainPage.swift */ = {isa = PBXFileReference; lastKnownFileType = sourcecode.swift; path = ModelViewerMainPage.swift; sourceTree = "<group>"; };
		9D12F5C829FFDE550019625E /* DeleteButton.swift */ = {isa = PBXFileReference; lastKnownFileType = sourcecode.swift; path = DeleteButton.swift; sourceTree = "<group>"; };
		9D12F5CC29FFEFF70019625E /* ApiClient.swift */ = {isa = PBXFileReference; lastKnownFileType = sourcecode.swift; path = ApiClient.swift; sourceTree = "<group>"; };
		9D12F5D229FFF1A00019625E /* ApiRouter.swift */ = {isa = PBXFileReference; lastKnownFileType = sourcecode.swift; path = ApiRouter.swift; sourceTree = "<group>"; };
		9D12F5D429FFF2F70019625E /* ApiConstants.swift */ = {isa = PBXFileReference; lastKnownFileType = sourcecode.swift; path = ApiConstants.swift; sourceTree = "<group>"; };
		9D12F5D629FFF64E0019625E /* ApiRequestParameters.swift */ = {isa = PBXFileReference; lastKnownFileType = sourcecode.swift; path = ApiRequestParameters.swift; sourceTree = "<group>"; };
		9D12F5DB2A0011E50019625E /* AuthService.swift */ = {isa = PBXFileReference; lastKnownFileType = sourcecode.swift; path = AuthService.swift; sourceTree = "<group>"; };
		9D12F5DD2A0012110019625E /* JSONWebTokenStorage.swift */ = {isa = PBXFileReference; lastKnownFileType = sourcecode.swift; path = JSONWebTokenStorage.swift; sourceTree = "<group>"; };
		9D12F5DF2A0018D40019625E /* AppDataStorageService.swift */ = {isa = PBXFileReference; lastKnownFileType = sourcecode.swift; path = AppDataStorageService.swift; sourceTree = "<group>"; };
		9D12F5E12A001A4F0019625E /* TokenResponse.swift */ = {isa = PBXFileReference; lastKnownFileType = sourcecode.swift; path = TokenResponse.swift; sourceTree = "<group>"; };
		9D12F5E52A0023700019625E /* AlertNavigation.swift */ = {isa = PBXFileReference; lastKnownFileType = sourcecode.swift; path = AlertNavigation.swift; sourceTree = "<group>"; };
		9D12F5EA2A0029E70019625E /* ErrorProcessor.swift */ = {isa = PBXFileReference; lastKnownFileType = sourcecode.swift; path = ErrorProcessor.swift; sourceTree = "<group>"; };
		9D12F5EC2A002A090019625E /* ErrorQueue.swift */ = {isa = PBXFileReference; lastKnownFileType = sourcecode.swift; path = ErrorQueue.swift; sourceTree = "<group>"; };
		9D12F5EE2A002A2E0019625E /* ErrorHandler.swift */ = {isa = PBXFileReference; lastKnownFileType = sourcecode.swift; path = ErrorHandler.swift; sourceTree = "<group>"; };
		9D12F5F02A002A4B0019625E /* ErrorRecord.swift */ = {isa = PBXFileReference; lastKnownFileType = sourcecode.swift; path = ErrorRecord.swift; sourceTree = "<group>"; };
		9D12F5F22A002A7D0019625E /* AppErrorProcessor.swift */ = {isa = PBXFileReference; lastKnownFileType = sourcecode.swift; path = AppErrorProcessor.swift; sourceTree = "<group>"; };
		9D12F5F42A002AF40019625E /* Strings.swift */ = {isa = PBXFileReference; lastKnownFileType = sourcecode.swift; path = Strings.swift; sourceTree = "<group>"; };
		9D12F5F62A002BF70019625E /* DecodingError.swift */ = {isa = PBXFileReference; lastKnownFileType = sourcecode.swift; path = DecodingError.swift; sourceTree = "<group>"; };
		9D12F5F82A00322C0019625E /* ErrorProcessorConfiguration.swift */ = {isa = PBXFileReference; lastKnownFileType = sourcecode.swift; path = ErrorProcessorConfiguration.swift; sourceTree = "<group>"; };
		9D12F5FC2A003BB00019625E /* TasksMainScenario.swift */ = {isa = PBXFileReference; lastKnownFileType = sourcecode.swift; path = TasksMainScenario.swift; sourceTree = "<group>"; };
		9D12F5FE2A003C080019625E /* TasksMainScenarioProtocol.swift */ = {isa = PBXFileReference; lastKnownFileType = sourcecode.swift; path = TasksMainScenarioProtocol.swift; sourceTree = "<group>"; };
		9D12F6002A0041180019625E /* TasksService.swift */ = {isa = PBXFileReference; lastKnownFileType = sourcecode.swift; path = TasksService.swift; sourceTree = "<group>"; };
		9D12F6022A00498C0019625E /* TasksResponse.swift */ = {isa = PBXFileReference; lastKnownFileType = sourcecode.swift; path = TasksResponse.swift; sourceTree = "<group>"; };
		9D5A801B29BB9D5300648BA1 /* AcelanProgress.app */ = {isa = PBXFileReference; explicitFileType = wrapper.application; includeInIndex = 0; path = AcelanProgress.app; sourceTree = BUILT_PRODUCTS_DIR; };
		9D5A801E29BB9D5300648BA1 /* AcelanProgressApp.swift */ = {isa = PBXFileReference; lastKnownFileType = sourcecode.swift; path = AcelanProgressApp.swift; sourceTree = "<group>"; };
		9D5A802229BB9D5900648BA1 /* Assets.xcassets */ = {isa = PBXFileReference; lastKnownFileType = folder.assetcatalog; path = Assets.xcassets; sourceTree = "<group>"; };
		9D6530712A015A2100434A94 /* String+Date.swift */ = {isa = PBXFileReference; lastKnownFileType = sourcecode.swift; path = "String+Date.swift"; sourceTree = "<group>"; };
		9D6530732A0163B700434A94 /* TasksDetailScenario.swift */ = {isa = PBXFileReference; lastKnownFileType = sourcecode.swift; path = TasksDetailScenario.swift; sourceTree = "<group>"; };
		9D6530752A0163C600434A94 /* TasksDetailScenarioProtocol.swift */ = {isa = PBXFileReference; lastKnownFileType = sourcecode.swift; path = TasksDetailScenarioProtocol.swift; sourceTree = "<group>"; };
		9D6530772A01718500434A94 /* ArtifactsService.swift */ = {isa = PBXFileReference; lastKnownFileType = sourcecode.swift; path = ArtifactsService.swift; sourceTree = "<group>"; };
		9D7620542A1900CF00FAE9CE /* Artifact.swift */ = {isa = PBXFileReference; lastKnownFileType = sourcecode.swift; path = Artifact.swift; sourceTree = "<group>"; };
		9D7620562A19311000FAE9CE /* ArtifactsRepository.swift */ = {isa = PBXFileReference; lastKnownFileType = sourcecode.swift; path = ArtifactsRepository.swift; sourceTree = "<group>"; };
		9D7692AE29FA585200EE0B53 /* TaskStatusView.swift */ = {isa = PBXFileReference; lastKnownFileType = sourcecode.swift; path = TaskStatusView.swift; sourceTree = "<group>"; };
		9D7692B229FA694B00EE0B53 /* ArtifactItemView.swift */ = {isa = PBXFileReference; lastKnownFileType = sourcecode.swift; path = ArtifactItemView.swift; sourceTree = "<group>"; };
		9D7692B629FA70E400EE0B53 /* HLabel.swift */ = {isa = PBXFileReference; lastKnownFileType = sourcecode.swift; path = HLabel.swift; sourceTree = "<group>"; };
		9D7692B929FA7F1400EE0B53 /* ArtifactsModuleBuilder.swift */ = {isa = PBXFileReference; lastKnownFileType = sourcecode.swift; path = ArtifactsModuleBuilder.swift; sourceTree = "<group>"; };
		9D7692BC29FA7F3A00EE0B53 /* ArtifactsMainAction.swift */ = {isa = PBXFileReference; lastKnownFileType = sourcecode.swift; path = ArtifactsMainAction.swift; sourceTree = "<group>"; };
		9D7692BE29FA7F7400EE0B53 /* ArtifactsMainState.swift */ = {isa = PBXFileReference; lastKnownFileType = sourcecode.swift; path = ArtifactsMainState.swift; sourceTree = "<group>"; };
		9D7D4D3C29F553000033B5AF /* TasksModuleBuilder.swift */ = {isa = PBXFileReference; lastKnownFileType = sourcecode.swift; path = TasksModuleBuilder.swift; sourceTree = "<group>"; };
		9D7D4D3F29F5533A0033B5AF /* TasksMainPage.swift */ = {isa = PBXFileReference; lastKnownFileType = sourcecode.swift; path = TasksMainPage.swift; sourceTree = "<group>"; };
		9D7D4D4129F553490033B5AF /* TasksMainState.swift */ = {isa = PBXFileReference; lastKnownFileType = sourcecode.swift; path = TasksMainState.swift; sourceTree = "<group>"; };
		9D7D4D4329F553B30033B5AF /* TasksMainInterceptor.swift */ = {isa = PBXFileReference; lastKnownFileType = sourcecode.swift; path = TasksMainInterceptor.swift; sourceTree = "<group>"; };
		9D7D4D4529F553CD0033B5AF /* TasksMainAction.swift */ = {isa = PBXFileReference; lastKnownFileType = sourcecode.swift; path = TasksMainAction.swift; sourceTree = "<group>"; };
		9D7D4D4929F557630033B5AF /* NavigationController.swift */ = {isa = PBXFileReference; lastKnownFileType = sourcecode.swift; path = NavigationController.swift; sourceTree = "<group>"; };
		9D7D4D4B29F58DDD0033B5AF /* TabBarController.swift */ = {isa = PBXFileReference; lastKnownFileType = sourcecode.swift; path = TabBarController.swift; sourceTree = "<group>"; };
		9D7D4D4D29F58F790033B5AF /* TabBarItem.swift */ = {isa = PBXFileReference; lastKnownFileType = sourcecode.swift; path = TabBarItem.swift; sourceTree = "<group>"; };
		9D7D4D5129F5909F0033B5AF /* MainModuleBuilder.swift */ = {isa = PBXFileReference; lastKnownFileType = sourcecode.swift; path = MainModuleBuilder.swift; sourceTree = "<group>"; };
		9D7D4D5329F591820033B5AF /* SecondaryButton.swift */ = {isa = PBXFileReference; lastKnownFileType = sourcecode.swift; path = SecondaryButton.swift; sourceTree = "<group>"; };
		9D7D4D5629F592340033B5AF /* ProfileModuleBuilder.swift */ = {isa = PBXFileReference; lastKnownFileType = sourcecode.swift; path = ProfileModuleBuilder.swift; sourceTree = "<group>"; };
		9D7D4D5929F592610033B5AF /* ProfileMainState.swift */ = {isa = PBXFileReference; lastKnownFileType = sourcecode.swift; path = ProfileMainState.swift; sourceTree = "<group>"; };
		9D7D4D5B29F592A00033B5AF /* ProfileMainAction.swift */ = {isa = PBXFileReference; lastKnownFileType = sourcecode.swift; path = ProfileMainAction.swift; sourceTree = "<group>"; };
		9D7D4D5D29F592BE0033B5AF /* ProfileMainInterceptor.swift */ = {isa = PBXFileReference; lastKnownFileType = sourcecode.swift; path = ProfileMainInterceptor.swift; sourceTree = "<group>"; };
		9D7D4D5F29F593190033B5AF /* ProfileMainScenario.swift */ = {isa = PBXFileReference; lastKnownFileType = sourcecode.swift; path = ProfileMainScenario.swift; sourceTree = "<group>"; };
		9D7D4D6129F593340033B5AF /* ProfileMainScenarioProtocol.swift */ = {isa = PBXFileReference; lastKnownFileType = sourcecode.swift; path = ProfileMainScenarioProtocol.swift; sourceTree = "<group>"; };
		9D7D4D6329F5947D0033B5AF /* ProfileMainPage.swift */ = {isa = PBXFileReference; lastKnownFileType = sourcecode.swift; path = ProfileMainPage.swift; sourceTree = "<group>"; };
		9D7D4D6629F5955C0033B5AF /* VLabel.swift */ = {isa = PBXFileReference; lastKnownFileType = sourcecode.swift; path = VLabel.swift; sourceTree = "<group>"; };
		9D7D991B29F6F271008AC934 /* Loader.swift */ = {isa = PBXFileReference; lastKnownFileType = sourcecode.swift; path = Loader.swift; sourceTree = "<group>"; };
		9D7D991E29F6F441008AC934 /* LoadingModifier.swift */ = {isa = PBXFileReference; lastKnownFileType = sourcecode.swift; path = LoadingModifier.swift; sourceTree = "<group>"; };
		9D8311B92A1A580800B376CE /* ArtifactsMainScenario.swift */ = {isa = PBXFileReference; lastKnownFileType = sourcecode.swift; path = ArtifactsMainScenario.swift; sourceTree = "<group>"; };
		9D8311BB2A1A582B00B376CE /* ArtifactsMainScenarioProtocol.swift */ = {isa = PBXFileReference; lastKnownFileType = sourcecode.swift; path = ArtifactsMainScenarioProtocol.swift; sourceTree = "<group>"; };
		9D8311BD2A1A7E5F00B376CE /* ModelViewerScenario.swift */ = {isa = PBXFileReference; lastKnownFileType = sourcecode.swift; path = ModelViewerScenario.swift; sourceTree = "<group>"; };
		9D8311BF2A1A7E6A00B376CE /* ModelViewerScenarioProtocol.swift */ = {isa = PBXFileReference; lastKnownFileType = sourcecode.swift; path = ModelViewerScenarioProtocol.swift; sourceTree = "<group>"; };
		9DA4A40029F502CC00A85AF5 /* AcelanTaskStatus.swift */ = {isa = PBXFileReference; lastKnownFileType = sourcecode.swift; path = AcelanTaskStatus.swift; sourceTree = "<group>"; };
		9DA4A40229F5097400A85AF5 /* AcelanTask.swift */ = {isa = PBXFileReference; lastKnownFileType = sourcecode.swift; path = AcelanTask.swift; sourceTree = "<group>"; };
		9DA4A40629F50A6100A85AF5 /* AcelanTaskDateFormatter.swift */ = {isa = PBXFileReference; lastKnownFileType = sourcecode.swift; path = AcelanTaskDateFormatter.swift; sourceTree = "<group>"; };
		9DA4A40829F50A9E00A85AF5 /* DateFormatterProtocol.swift */ = {isa = PBXFileReference; lastKnownFileType = sourcecode.swift; path = DateFormatterProtocol.swift; sourceTree = "<group>"; };
		9DA4A40A29F50C2900A85AF5 /* AcelanTaskArtifact.swift */ = {isa = PBXFileReference; lastKnownFileType = sourcecode.swift; path = AcelanTaskArtifact.swift; sourceTree = "<group>"; };
		9DA4A40C29F50EA200A85AF5 /* AcelanTaskFileType.swift */ = {isa = PBXFileReference; lastKnownFileType = sourcecode.swift; path = AcelanTaskFileType.swift; sourceTree = "<group>"; };
		9DA4A41329F5321A00A85AF5 /* String.swift */ = {isa = PBXFileReference; lastKnownFileType = sourcecode.swift; path = String.swift; sourceTree = "<group>"; };
		9DA4A41529F5446600A85AF5 /* Int+String.swift */ = {isa = PBXFileReference; lastKnownFileType = sourcecode.swift; path = "Int+String.swift"; sourceTree = "<group>"; };
		9DA57BEF29F40ED400B3BBAE /* PrimaryButton.swift */ = {isa = PBXFileReference; lastKnownFileType = sourcecode.swift; path = PrimaryButton.swift; sourceTree = "<group>"; };
		9DA57BF129F4109700B3BBAE /* ColorResource.swift */ = {isa = PBXFileReference; lastKnownFileType = sourcecode.swift; path = ColorResource.swift; sourceTree = "<group>"; };
		9DA57BF329F411D600B3BBAE /* ImageResource.swift */ = {isa = PBXFileReference; lastKnownFileType = sourcecode.swift; path = ImageResource.swift; sourceTree = "<group>"; };
		9DA57BFB29F425FD00B3BBAE /* PrimaryTextField.swift */ = {isa = PBXFileReference; lastKnownFileType = sourcecode.swift; path = PrimaryTextField.swift; sourceTree = "<group>"; };
		9DA57BFE29F4263200B3BBAE /* PrimaryTextFieldState.swift */ = {isa = PBXFileReference; lastKnownFileType = sourcecode.swift; path = PrimaryTextFieldState.swift; sourceTree = "<group>"; };
		9DA57C0329F434BD00B3BBAE /* LoginMainState.swift */ = {isa = PBXFileReference; lastKnownFileType = sourcecode.swift; path = LoginMainState.swift; sourceTree = "<group>"; };
		9DA57C0529F4350B00B3BBAE /* LoginMainAction.swift */ = {isa = PBXFileReference; lastKnownFileType = sourcecode.swift; path = LoginMainAction.swift; sourceTree = "<group>"; };
		9DA57C0729F435A200B3BBAE /* LoginMainInterceptor.swift */ = {isa = PBXFileReference; lastKnownFileType = sourcecode.swift; path = LoginMainInterceptor.swift; sourceTree = "<group>"; };
		9DA57C0929F435E800B3BBAE /* LoginMainPage.swift */ = {isa = PBXFileReference; lastKnownFileType = sourcecode.swift; path = LoginMainPage.swift; sourceTree = "<group>"; };
		9DA57C0B29F4362F00B3BBAE /* NavigationBar.swift */ = {isa = PBXFileReference; lastKnownFileType = sourcecode.swift; path = NavigationBar.swift; sourceTree = "<group>"; };
		9DA57C0D29F437EE00B3BBAE /* LoginModuleBuilder.swift */ = {isa = PBXFileReference; lastKnownFileType = sourcecode.swift; path = LoginModuleBuilder.swift; sourceTree = "<group>"; };
		9DA57C1129F439EC00B3BBAE /* DIConfiguration.swift */ = {isa = PBXFileReference; lastKnownFileType = sourcecode.swift; path = DIConfiguration.swift; sourceTree = "<group>"; };
		9DA57C1329F447FB00B3BBAE /* LoginMainScenario.swift */ = {isa = PBXFileReference; lastKnownFileType = sourcecode.swift; path = LoginMainScenario.swift; sourceTree = "<group>"; };
		9DA57C1529F4481A00B3BBAE /* LoginMainScenarioProtocol.swift */ = {isa = PBXFileReference; lastKnownFileType = sourcecode.swift; path = LoginMainScenarioProtocol.swift; sourceTree = "<group>"; };
		9DA57C1729F4490C00B3BBAE /* NavigationConfiguration.swift */ = {isa = PBXFileReference; lastKnownFileType = sourcecode.swift; path = NavigationConfiguration.swift; sourceTree = "<group>"; };
		9DA57C1C29F451F000B3BBAE /* TaskItemView.swift */ = {isa = PBXFileReference; lastKnownFileType = sourcecode.swift; path = TaskItemView.swift; sourceTree = "<group>"; };
		9DA57C2029F4525B00B3BBAE /* TaskItem.swift */ = {isa = PBXFileReference; lastKnownFileType = sourcecode.swift; path = TaskItem.swift; sourceTree = "<group>"; };
		9DB0054D2A1DE25500CDDEEC /* RealmBasedRepository.swift */ = {isa = PBXFileReference; lastKnownFileType = sourcecode.swift; path = RealmBasedRepository.swift; sourceTree = "<group>"; };
		9DB005512A1E8C9E00CDDEEC /* String+URL.swift */ = {isa = PBXFileReference; lastKnownFileType = sourcecode.swift; path = "String+URL.swift"; sourceTree = "<group>"; };
		9DBFAA0A29F7CFC1001F27DC /* BackButton.swift */ = {isa = PBXFileReference; lastKnownFileType = sourcecode.swift; path = BackButton.swift; sourceTree = "<group>"; };
		9DBFAA0D29F7D321001F27DC /* TasksDetailState.swift */ = {isa = PBXFileReference; lastKnownFileType = sourcecode.swift; path = TasksDetailState.swift; sourceTree = "<group>"; };
		9DBFAA0F29F7D344001F27DC /* TasksDetailAction.swift */ = {isa = PBXFileReference; lastKnownFileType = sourcecode.swift; path = TasksDetailAction.swift; sourceTree = "<group>"; };
		9DBFAA1129F7D39B001F27DC /* TasksDetailInterceptor.swift */ = {isa = PBXFileReference; lastKnownFileType = sourcecode.swift; path = TasksDetailInterceptor.swift; sourceTree = "<group>"; };
		9DBFAA1329F7F160001F27DC /* TasksDetailPage.swift */ = {isa = PBXFileReference; lastKnownFileType = sourcecode.swift; path = TasksDetailPage.swift; sourceTree = "<group>"; };
		9DBFAA1529F7F2E0001F27DC /* Separator.swift */ = {isa = PBXFileReference; lastKnownFileType = sourcecode.swift; path = Separator.swift; sourceTree = "<group>"; };
		9DBFAA1929F7F7A6001F27DC /* NavigationBarItem.swift */ = {isa = PBXFileReference; lastKnownFileType = sourcecode.swift; path = NavigationBarItem.swift; sourceTree = "<group>"; };
/* End PBXFileReference section */

/* Begin PBXFrameworksBuildPhase section */
		9D5A801829BB9D5300648BA1 /* Frameworks */ = {
			isa = PBXFrameworksBuildPhase;
			buildActionMask = 2147483647;
			files = (
				9D76205A2A1A2E4500FAE9CE /* Realm in Frameworks */,
				9DA57BFA29F417C100B3BBAE /* PNComponents in Frameworks */,
				9D76205C2A1A2E4500FAE9CE /* RealmSwift in Frameworks */,
				9D32B63B2A08D03D001095D4 /* SwiftDI in Frameworks */,
				9D32B6352A08CFE8001095D4 /* WebClient in Frameworks */,
				9D32B6322A08CF8D001095D4 /* StatefulArch in Frameworks */,
				9D32B6382A08D010001095D4 /* AppConfiguration in Frameworks */,
			);
			runOnlyForDeploymentPostprocessing = 0;
		};
/* End PBXFrameworksBuildPhase section */

/* Begin PBXGroup section */
		9D12F5AB29FC51290019625E /* Foundation */ = {
			isa = PBXGroup;
			children = (
				9DA4A41329F5321A00A85AF5 /* String.swift */,
				9DA4A41529F5446600A85AF5 /* Int+String.swift */,
				9D12F5F62A002BF70019625E /* DecodingError.swift */,
				9D6530712A015A2100434A94 /* String+Date.swift */,
				9D0A6C142A1D043A007FF4DC /* URLSession.swift */,
				9DB005512A1E8C9E00CDDEEC /* String+URL.swift */,
			);
			path = Foundation;
			sourceTree = "<group>";
		};
		9D12F5BA29FFD7940019625E /* ModelViewer */ = {
			isa = PBXGroup;
			children = (
				9D12F5BB29FFD7A80019625E /* ModelViewerModuleBuilder.swift */,
				9D12F5BD29FFD7AF0019625E /* ModelViewerMain */,
			);
			path = ModelViewer;
			sourceTree = "<group>";
		};
		9D12F5BD29FFD7AF0019625E /* ModelViewerMain */ = {
			isa = PBXGroup;
			children = (
				9D12F5BE29FFDBA40019625E /* ModelViewerMainAction.swift */,
				9D12F5C029FFDBF30019625E /* ModelViewerMainState.swift */,
				9D12F5C429FFDC7E0019625E /* ModelViewerMainInterceptor.swift */,
				9D12F5C629FFDCE50019625E /* ModelViewerMainPage.swift */,
				9D8311BD2A1A7E5F00B376CE /* ModelViewerScenario.swift */,
				9D8311BF2A1A7E6A00B376CE /* ModelViewerScenarioProtocol.swift */,
			);
			path = ModelViewerMain;
			sourceTree = "<group>";
		};
		9D12F5CA29FFE53E0019625E /* DataAccess */ = {
			isa = PBXGroup;
			children = (
				9D7620502A19000600FAE9CE /* Repositories */,
				9D12F5DA2A0011CD0019625E /* Services */,
				9D12F5CB29FFEFB20019625E /* Web */,
			);
			path = DataAccess;
			sourceTree = "<group>";
		};
		9D12F5CB29FFEFB20019625E /* Web */ = {
			isa = PBXGroup;
			children = (
				9D12F5CC29FFEFF70019625E /* ApiClient.swift */,
				9D12F5D229FFF1A00019625E /* ApiRouter.swift */,
				9D12F5D429FFF2F70019625E /* ApiConstants.swift */,
				9D12F5D629FFF64E0019625E /* ApiRequestParameters.swift */,
				9D12F5DD2A0012110019625E /* JSONWebTokenStorage.swift */,
			);
			path = Web;
			sourceTree = "<group>";
		};
		9D12F5DA2A0011CD0019625E /* Services */ = {
			isa = PBXGroup;
			children = (
				9D12F5DB2A0011E50019625E /* AuthService.swift */,
				9D12F5DF2A0018D40019625E /* AppDataStorageService.swift */,
				9D12F6002A0041180019625E /* TasksService.swift */,
				9D6530772A01718500434A94 /* ArtifactsService.swift */,
			);
			path = Services;
			sourceTree = "<group>";
		};
		9D12F5E42A0023640019625E /* Navigations */ = {
			isa = PBXGroup;
			children = (
				9D12F5E52A0023700019625E /* AlertNavigation.swift */,
			);
			path = Navigations;
			sourceTree = "<group>";
		};
		9D12F5E82A0029C10019625E /* Utilities */ = {
			isa = PBXGroup;
			children = (
				9D12F5E92A0029C90019625E /* ErrorProcessing */,
			);
			path = Utilities;
			sourceTree = "<group>";
		};
		9D12F5E92A0029C90019625E /* ErrorProcessing */ = {
			isa = PBXGroup;
			children = (
				9D12F5EA2A0029E70019625E /* ErrorProcessor.swift */,
				9D12F5EC2A002A090019625E /* ErrorQueue.swift */,
				9D12F5EE2A002A2E0019625E /* ErrorHandler.swift */,
				9D12F5F02A002A4B0019625E /* ErrorRecord.swift */,
				9D12F5F22A002A7D0019625E /* AppErrorProcessor.swift */,
			);
			path = ErrorProcessing;
			sourceTree = "<group>";
		};
		9D5A801229BB9D5300648BA1 = {
			isa = PBXGroup;
			children = (
				9D5A801D29BB9D5300648BA1 /* AcelanProgress */,
				9D5A801C29BB9D5300648BA1 /* Products */,
			);
			sourceTree = "<group>";
		};
		9D5A801C29BB9D5300648BA1 /* Products */ = {
			isa = PBXGroup;
			children = (
				9D5A801B29BB9D5300648BA1 /* AcelanProgress.app */,
			);
			name = Products;
			sourceTree = "<group>";
		};
		9D5A801D29BB9D5300648BA1 /* AcelanProgress */ = {
			isa = PBXGroup;
			children = (
				9D12F5E82A0029C10019625E /* Utilities */,
				9D12F5CA29FFE53E0019625E /* DataAccess */,
				9D7D4D4729F557430033B5AF /* ReusableComponents */,
				9DA4A41229F5321100A85AF5 /* Extensions */,
				9DA4A41129F531FA00A85AF5 /* Support */,
				9DA57C1E29F4522C00B3BBAE /* Models */,
				9DA57C0F29F439BC00B3BBAE /* AppConfigurations */,
				9DA57C0029F4343F00B3BBAE /* Modules */,
				9DA9DE0D29E32E74004F8274 /* Resources */,
				9D5A801E29BB9D5300648BA1 /* AcelanProgressApp.swift */,
			);
			path = AcelanProgress;
			sourceTree = "<group>";
		};
		9D7620502A19000600FAE9CE /* Repositories */ = {
			isa = PBXGroup;
			children = (
				9DB0054C2A1DE24400CDDEEC /* Base */,
				9D7620562A19311000FAE9CE /* ArtifactsRepository.swift */,
			);
			path = Repositories;
			sourceTree = "<group>";
		};
		9D7620532A1900AF00FAE9CE /* Realm */ = {
			isa = PBXGroup;
			children = (
				9D7620542A1900CF00FAE9CE /* Artifact.swift */,
			);
			path = Realm;
			sourceTree = "<group>";
		};
		9D7692B829FA7F0100EE0B53 /* Artifacts */ = {
			isa = PBXGroup;
			children = (
				9D7692B929FA7F1400EE0B53 /* ArtifactsModuleBuilder.swift */,
				9D7692BB29FA7F2700EE0B53 /* ArtifactsMain */,
			);
			path = Artifacts;
			sourceTree = "<group>";
		};
		9D7692BB29FA7F2700EE0B53 /* ArtifactsMain */ = {
			isa = PBXGroup;
			children = (
				9D7692BC29FA7F3A00EE0B53 /* ArtifactsMainAction.swift */,
				9D7692BE29FA7F7400EE0B53 /* ArtifactsMainState.swift */,
				9D12F5B129FFB8C30019625E /* ArtifactsMainInterceptor.swift */,
				9D12F5B329FFB9390019625E /* ArtifactsMainPage.swift */,
				9D8311B92A1A580800B376CE /* ArtifactsMainScenario.swift */,
				9D8311BB2A1A582B00B376CE /* ArtifactsMainScenarioProtocol.swift */,
			);
			path = ArtifactsMain;
			sourceTree = "<group>";
		};
		9D7AF9DE29F4019200E7C9E1 /* Views */ = {
			isa = PBXGroup;
			children = (
				9DA57BFD29F4262000B3BBAE /* PrimaryTextField */,
				9DBFAA1829F7F78F001F27DC /* NavigationBar */,
				9DA57BEF29F40ED400B3BBAE /* PrimaryButton.swift */,
				9D7692B229FA694B00EE0B53 /* ArtifactItemView.swift */,
				9D7D4D5329F591820033B5AF /* SecondaryButton.swift */,
				9DBFAA1529F7F2E0001F27DC /* Separator.swift */,
				9D7692AE29FA585200EE0B53 /* TaskStatusView.swift */,
				9DA57C1C29F451F000B3BBAE /* TaskItemView.swift */,
				9D12F5B529FFBD540019625E /* ItemOverlayView.swift */,
				9D7692B629FA70E400EE0B53 /* HLabel.swift */,
				9D7D4D6629F5955C0033B5AF /* VLabel.swift */,
				9D7D991B29F6F271008AC934 /* Loader.swift */,
				9D12F5C829FFDE550019625E /* DeleteButton.swift */,
				9DBFAA0A29F7CFC1001F27DC /* BackButton.swift */,
			);
			path = Views;
			sourceTree = "<group>";
		};
		9D7D4D3B29F552F30033B5AF /* Tasks */ = {
			isa = PBXGroup;
			children = (
				9D7D4D3C29F553000033B5AF /* TasksModuleBuilder.swift */,
				9DBFAA0C29F7D25D001F27DC /* TasksDetail */,
				9D7D4D3E29F553270033B5AF /* TasksMain */,
			);
			path = Tasks;
			sourceTree = "<group>";
		};
		9D7D4D3E29F553270033B5AF /* TasksMain */ = {
			isa = PBXGroup;
			children = (
				9D7D4D3F29F5533A0033B5AF /* TasksMainPage.swift */,
				9D7D4D4129F553490033B5AF /* TasksMainState.swift */,
				9D7D4D4329F553B30033B5AF /* TasksMainInterceptor.swift */,
				9D7D4D4529F553CD0033B5AF /* TasksMainAction.swift */,
				9D12F5FC2A003BB00019625E /* TasksMainScenario.swift */,
				9D12F5FE2A003C080019625E /* TasksMainScenarioProtocol.swift */,
			);
			path = TasksMain;
			sourceTree = "<group>";
		};
		9D7D4D4729F557430033B5AF /* ReusableComponents */ = {
			isa = PBXGroup;
			children = (
				9D12F5E42A0023640019625E /* Navigations */,
				9D7D991D29F6F411008AC934 /* ViewModifiers */,
				9D7AF9DE29F4019200E7C9E1 /* Views */,
				9D7D4D4829F557520033B5AF /* Controllers */,
			);
			path = ReusableComponents;
			sourceTree = "<group>";
		};
		9D7D4D4829F557520033B5AF /* Controllers */ = {
			isa = PBXGroup;
			children = (
				9DBFAA1B29F8098C001F27DC /* TabBarController */,
				9D7D4D4929F557630033B5AF /* NavigationController.swift */,
			);
			path = Controllers;
			sourceTree = "<group>";
		};
		9D7D4D5029F590910033B5AF /* Main */ = {
			isa = PBXGroup;
			children = (
				9D7D4D5129F5909F0033B5AF /* MainModuleBuilder.swift */,
			);
			path = Main;
			sourceTree = "<group>";
		};
		9D7D4D5529F592090033B5AF /* Profile */ = {
			isa = PBXGroup;
			children = (
				9D7D4D5629F592340033B5AF /* ProfileModuleBuilder.swift */,
				9D7D4D5829F592510033B5AF /* ProfileMain */,
			);
			path = Profile;
			sourceTree = "<group>";
		};
		9D7D4D5829F592510033B5AF /* ProfileMain */ = {
			isa = PBXGroup;
			children = (
				9D7D4D5929F592610033B5AF /* ProfileMainState.swift */,
				9D7D4D5B29F592A00033B5AF /* ProfileMainAction.swift */,
				9D7D4D5D29F592BE0033B5AF /* ProfileMainInterceptor.swift */,
				9D7D4D5F29F593190033B5AF /* ProfileMainScenario.swift */,
				9D7D4D6129F593340033B5AF /* ProfileMainScenarioProtocol.swift */,
				9D7D4D6329F5947D0033B5AF /* ProfileMainPage.swift */,
			);
			path = ProfileMain;
			sourceTree = "<group>";
		};
		9D7D991D29F6F411008AC934 /* ViewModifiers */ = {
			isa = PBXGroup;
			children = (
				9D7D991E29F6F441008AC934 /* LoadingModifier.swift */,
			);
			path = ViewModifiers;
			sourceTree = "<group>";
		};
		9DA4A3FF29F5028100A85AF5 /* Decodable */ = {
			isa = PBXGroup;
			children = (
				9DA4A40029F502CC00A85AF5 /* AcelanTaskStatus.swift */,
				9DA4A40229F5097400A85AF5 /* AcelanTask.swift */,
				9DA4A40A29F50C2900A85AF5 /* AcelanTaskArtifact.swift */,
				9DA4A40C29F50EA200A85AF5 /* AcelanTaskFileType.swift */,
				9D12F5E12A001A4F0019625E /* TokenResponse.swift */,
				9D12F6022A00498C0019625E /* TasksResponse.swift */,
			);
			path = Decodable;
			sourceTree = "<group>";
		};
		9DA4A40429F50A2600A85AF5 /* Formatters */ = {
			isa = PBXGroup;
			children = (
				9DA4A40629F50A6100A85AF5 /* AcelanTaskDateFormatter.swift */,
				9DA4A40829F50A9E00A85AF5 /* DateFormatterProtocol.swift */,
			);
			path = Formatters;
			sourceTree = "<group>";
		};
		9DA4A41129F531FA00A85AF5 /* Support */ = {
			isa = PBXGroup;
			children = (
				9DA4A40429F50A2600A85AF5 /* Formatters */,
			);
			path = Support;
			sourceTree = "<group>";
		};
		9DA4A41229F5321100A85AF5 /* Extensions */ = {
			isa = PBXGroup;
			children = (
				9D12F5AB29FC51290019625E /* Foundation */,
			);
			path = Extensions;
			sourceTree = "<group>";
		};
		9DA57BFD29F4262000B3BBAE /* PrimaryTextField */ = {
			isa = PBXGroup;
			children = (
				9DA57BFB29F425FD00B3BBAE /* PrimaryTextField.swift */,
				9DA57BFE29F4263200B3BBAE /* PrimaryTextFieldState.swift */,
				9D12F5B729FFC1260019625E /* PrimaryTextFieldKeyboardType.swift */,
			);
			path = PrimaryTextField;
			sourceTree = "<group>";
		};
		9DA57C0029F4343F00B3BBAE /* Modules */ = {
			isa = PBXGroup;
			children = (
				9D12F5BA29FFD7940019625E /* ModelViewer */,
				9D7692B829FA7F0100EE0B53 /* Artifacts */,
				9D7D4D5529F592090033B5AF /* Profile */,
				9D7D4D5029F590910033B5AF /* Main */,
				9D7D4D3B29F552F30033B5AF /* Tasks */,
				9DA57C0129F434A500B3BBAE /* Login */,
			);
			path = Modules;
			sourceTree = "<group>";
		};
		9DA57C0129F434A500B3BBAE /* Login */ = {
			isa = PBXGroup;
			children = (
				9DA57C0D29F437EE00B3BBAE /* LoginModuleBuilder.swift */,
				9DA57C0229F434AF00B3BBAE /* LoginMain */,
			);
			path = Login;
			sourceTree = "<group>";
		};
		9DA57C0229F434AF00B3BBAE /* LoginMain */ = {
			isa = PBXGroup;
			children = (
				9DA57C0329F434BD00B3BBAE /* LoginMainState.swift */,
				9DA57C0529F4350B00B3BBAE /* LoginMainAction.swift */,
				9DA57C0729F435A200B3BBAE /* LoginMainInterceptor.swift */,
				9DA57C0929F435E800B3BBAE /* LoginMainPage.swift */,
				9DA57C1329F447FB00B3BBAE /* LoginMainScenario.swift */,
				9DA57C1529F4481A00B3BBAE /* LoginMainScenarioProtocol.swift */,
			);
			path = LoginMain;
			sourceTree = "<group>";
		};
		9DA57C0F29F439BC00B3BBAE /* AppConfigurations */ = {
			isa = PBXGroup;
			children = (
				9DA57C1129F439EC00B3BBAE /* DIConfiguration.swift */,
				9DA57C1729F4490C00B3BBAE /* NavigationConfiguration.swift */,
				9D12F5F82A00322C0019625E /* ErrorProcessorConfiguration.swift */,
			);
			path = AppConfigurations;
			sourceTree = "<group>";
		};
		9DA57C1E29F4522C00B3BBAE /* Models */ = {
			isa = PBXGroup;
			children = (
				9D7620532A1900AF00FAE9CE /* Realm */,
				9DA4A3FF29F5028100A85AF5 /* Decodable */,
				9DA57C1F29F4524100B3BBAE /* UI */,
			);
			path = Models;
			sourceTree = "<group>";
		};
		9DA57C1F29F4524100B3BBAE /* UI */ = {
			isa = PBXGroup;
			children = (
				9DA57C2029F4525B00B3BBAE /* TaskItem.swift */,
				9D12F5AF29FD66810019625E /* ArtifactItem.swift */,
			);
			path = UI;
			sourceTree = "<group>";
		};
		9DA9DE0D29E32E74004F8274 /* Resources */ = {
			isa = PBXGroup;
			children = (
				9D5A802229BB9D5900648BA1 /* Assets.xcassets */,
				9DA57BF129F4109700B3BBAE /* ColorResource.swift */,
				9DA57BF329F411D600B3BBAE /* ImageResource.swift */,
				9D12F5F42A002AF40019625E /* Strings.swift */,
			);
			path = Resources;
			sourceTree = "<group>";
		};
		9DB0054C2A1DE24400CDDEEC /* Base */ = {
			isa = PBXGroup;
			children = (
				9DB0054D2A1DE25500CDDEEC /* RealmBasedRepository.swift */,
			);
			path = Base;
			sourceTree = "<group>";
		};
		9DBFAA0C29F7D25D001F27DC /* TasksDetail */ = {
			isa = PBXGroup;
			children = (
				9DBFAA0D29F7D321001F27DC /* TasksDetailState.swift */,
				9DBFAA0F29F7D344001F27DC /* TasksDetailAction.swift */,
				9DBFAA1129F7D39B001F27DC /* TasksDetailInterceptor.swift */,
				9DBFAA1329F7F160001F27DC /* TasksDetailPage.swift */,
				9D6530732A0163B700434A94 /* TasksDetailScenario.swift */,
				9D6530752A0163C600434A94 /* TasksDetailScenarioProtocol.swift */,
			);
			path = TasksDetail;
			sourceTree = "<group>";
		};
		9DBFAA1829F7F78F001F27DC /* NavigationBar */ = {
			isa = PBXGroup;
			children = (
				9DA57C0B29F4362F00B3BBAE /* NavigationBar.swift */,
				9DBFAA1929F7F7A6001F27DC /* NavigationBarItem.swift */,
			);
			path = NavigationBar;
			sourceTree = "<group>";
		};
		9DBFAA1B29F8098C001F27DC /* TabBarController */ = {
			isa = PBXGroup;
			children = (
				9D7D4D4D29F58F790033B5AF /* TabBarItem.swift */,
				9D7D4D4B29F58DDD0033B5AF /* TabBarController.swift */,
			);
			path = TabBarController;
			sourceTree = "<group>";
		};
/* End PBXGroup section */

/* Begin PBXNativeTarget section */
		9D5A801A29BB9D5300648BA1 /* AcelanProgress */ = {
			isa = PBXNativeTarget;
			buildConfigurationList = 9D5A802929BB9D5900648BA1 /* Build configuration list for PBXNativeTarget "AcelanProgress" */;
			buildPhases = (
				9D5A801729BB9D5300648BA1 /* Sources */,
				9D5A801829BB9D5300648BA1 /* Frameworks */,
				9D5A801929BB9D5300648BA1 /* Resources */,
				9D7AF9D829F400B900E7C9E1 /* Embed Frameworks */,
			);
			buildRules = (
			);
			dependencies = (
			);
			name = AcelanProgress;
			packageProductDependencies = (
				9DA57BF929F417C100B3BBAE /* PNComponents */,
				9D32B6312A08CF8D001095D4 /* StatefulArch */,
				9D32B6342A08CFE8001095D4 /* WebClient */,
				9D32B6372A08D010001095D4 /* AppConfiguration */,
				9D32B63A2A08D03D001095D4 /* SwiftDI */,
				9D7620592A1A2E4500FAE9CE /* Realm */,
				9D76205B2A1A2E4500FAE9CE /* RealmSwift */,
			);
			productName = "Acelan-Progress";
			productReference = 9D5A801B29BB9D5300648BA1 /* AcelanProgress.app */;
			productType = "com.apple.product-type.application";
		};
/* End PBXNativeTarget section */

/* Begin PBXProject section */
		9D5A801329BB9D5300648BA1 /* Project object */ = {
			isa = PBXProject;
			attributes = {
				BuildIndependentTargetsInParallel = 1;
				LastSwiftUpdateCheck = 1420;
				LastUpgradeCheck = 1420;
				TargetAttributes = {
					9D5A801A29BB9D5300648BA1 = {
						CreatedOnToolsVersion = 14.2;
					};
				};
			};
			buildConfigurationList = 9D5A801629BB9D5300648BA1 /* Build configuration list for PBXProject "AcelanProgress" */;
			compatibilityVersion = "Xcode 14.0";
			developmentRegion = en;
			hasScannedForEncodings = 0;
			knownRegions = (
				en,
				Base,
			);
			mainGroup = 9D5A801229BB9D5300648BA1;
			packageReferences = (
				9DA57BF829F417C100B3BBAE /* XCRemoteSwiftPackageReference "pncomponentns" */,
				9D32B6302A08CF8D001095D4 /* XCRemoteSwiftPackageReference "StatefulArch" */,
				9D32B6332A08CFE8001095D4 /* XCRemoteSwiftPackageReference "iOSWebClient" */,
				9D32B6362A08D010001095D4 /* XCRemoteSwiftPackageReference "AppConfiguration" */,
				9D32B6392A08D03D001095D4 /* XCRemoteSwiftPackageReference "SwiftDI" */,
				9D7620582A1A2E4500FAE9CE /* XCRemoteSwiftPackageReference "realm-swift" */,
			);
			productRefGroup = 9D5A801C29BB9D5300648BA1 /* Products */;
			projectDirPath = "";
			projectRoot = "";
			targets = (
				9D5A801A29BB9D5300648BA1 /* AcelanProgress */,
			);
		};
/* End PBXProject section */

/* Begin PBXResourcesBuildPhase section */
		9D5A801929BB9D5300648BA1 /* Resources */ = {
			isa = PBXResourcesBuildPhase;
			buildActionMask = 2147483647;
			files = (
				9D5A802329BB9D5900648BA1 /* Assets.xcassets in Resources */,
			);
			runOnlyForDeploymentPostprocessing = 0;
		};
/* End PBXResourcesBuildPhase section */

/* Begin PBXSourcesBuildPhase section */
		9D5A801729BB9D5300648BA1 /* Sources */ = {
			isa = PBXSourcesBuildPhase;
			buildActionMask = 2147483647;
			files = (
				9DA4A40729F50A6100A85AF5 /* AcelanTaskDateFormatter.swift in Sources */,
				9D12F5DE2A0012110019625E /* JSONWebTokenStorage.swift in Sources */,
				9DA57BF029F40ED400B3BBAE /* PrimaryButton.swift in Sources */,
				9D7692AF29FA585200EE0B53 /* TaskStatusView.swift in Sources */,
				9DA57BF229F4109700B3BBAE /* ColorResource.swift in Sources */,
				9D7692B329FA694B00EE0B53 /* ArtifactItemView.swift in Sources */,
				9D7D4D6429F5947D0033B5AF /* ProfileMainPage.swift in Sources */,
				9DA4A41629F5446600A85AF5 /* Int+String.swift in Sources */,
				9D7D4D6729F5955C0033B5AF /* VLabel.swift in Sources */,
				9D12F5D529FFF2F70019625E /* ApiConstants.swift in Sources */,
				9DBFAA1429F7F160001F27DC /* TasksDetailPage.swift in Sources */,
				9D7D4D4029F5533A0033B5AF /* TasksMainPage.swift in Sources */,
				9D12F5E02A0018D40019625E /* AppDataStorageService.swift in Sources */,
				9D12F5F12A002A4B0019625E /* ErrorRecord.swift in Sources */,
				9DA57BFC29F425FD00B3BBAE /* PrimaryTextField.swift in Sources */,
				9D12F5CD29FFEFF70019625E /* ApiClient.swift in Sources */,
				9DBFAA0B29F7CFC1001F27DC /* BackButton.swift in Sources */,
				9D6530722A015A2100434A94 /* String+Date.swift in Sources */,
				9DA4A40929F50A9E00A85AF5 /* DateFormatterProtocol.swift in Sources */,
				9DA57BFF29F4263200B3BBAE /* PrimaryTextFieldState.swift in Sources */,
				9D12F5C129FFDBF30019625E /* ModelViewerMainState.swift in Sources */,
				9D12F5F72A002BF70019625E /* DecodingError.swift in Sources */,
				9D7D991F29F6F441008AC934 /* LoadingModifier.swift in Sources */,
				9D12F5F52A002AF40019625E /* Strings.swift in Sources */,
				9D7D4D5E29F592BE0033B5AF /* ProfileMainInterceptor.swift in Sources */,
				9D12F5B029FD66810019625E /* ArtifactItem.swift in Sources */,
				9D12F5BC29FFD7A80019625E /* ModelViewerModuleBuilder.swift in Sources */,
				9DA4A40D29F50EA200A85AF5 /* AcelanTaskFileType.swift in Sources */,
				9DA57C0A29F435E800B3BBAE /* LoginMainPage.swift in Sources */,
				9D7D4D4429F553B30033B5AF /* TasksMainInterceptor.swift in Sources */,
				9D12F5B229FFB8C30019625E /* ArtifactsMainInterceptor.swift in Sources */,
				9DA57C0629F4350B00B3BBAE /* LoginMainAction.swift in Sources */,
				9D12F5DC2A0011E50019625E /* AuthService.swift in Sources */,
				9DA57C0E29F437EE00B3BBAE /* LoginModuleBuilder.swift in Sources */,
				9D7692BF29FA7F7400EE0B53 /* ArtifactsMainState.swift in Sources */,
				9DBFAA1229F7D39B001F27DC /* TasksDetailInterceptor.swift in Sources */,
				9D7D4D5729F592340033B5AF /* ProfileModuleBuilder.swift in Sources */,
				9D12F5F92A00322C0019625E /* ErrorProcessorConfiguration.swift in Sources */,
				9D6530782A01718500434A94 /* ArtifactsService.swift in Sources */,
				9D5A801F29BB9D5300648BA1 /* AcelanProgressApp.swift in Sources */,
				9D7692BA29FA7F1400EE0B53 /* ArtifactsModuleBuilder.swift in Sources */,
				9D12F6012A0041180019625E /* TasksService.swift in Sources */,
				9D12F5D729FFF64E0019625E /* ApiRequestParameters.swift in Sources */,
				9D7692B729FA70E400EE0B53 /* HLabel.swift in Sources */,
				9D7692BD29FA7F3A00EE0B53 /* ArtifactsMainAction.swift in Sources */,
				9D12F5BF29FFDBA40019625E /* ModelViewerMainAction.swift in Sources */,
				9D7D4D6229F593340033B5AF /* ProfileMainScenarioProtocol.swift in Sources */,
				9D12F5ED2A002A090019625E /* ErrorQueue.swift in Sources */,
				9D0A6C152A1D043A007FF4DC /* URLSession.swift in Sources */,
				9DA57C1429F447FB00B3BBAE /* LoginMainScenario.swift in Sources */,
				9DA57C2129F4525B00B3BBAE /* TaskItem.swift in Sources */,
				9D7D4D5229F5909F0033B5AF /* MainModuleBuilder.swift in Sources */,
				9DBFAA0E29F7D321001F27DC /* TasksDetailState.swift in Sources */,
				9DA57C1229F439EC00B3BBAE /* DIConfiguration.swift in Sources */,
				9DA4A41429F5321A00A85AF5 /* String.swift in Sources */,
				9DB005522A1E8C9E00CDDEEC /* String+URL.swift in Sources */,
				9D7D4D5A29F592610033B5AF /* ProfileMainState.swift in Sources */,
				9DA57C1D29F451F000B3BBAE /* TaskItemView.swift in Sources */,
				9D6530742A0163B800434A94 /* TasksDetailScenario.swift in Sources */,
				9D12F5FF2A003C080019625E /* TasksMainScenarioProtocol.swift in Sources */,
				9D12F6032A00498C0019625E /* TasksResponse.swift in Sources */,
				9DB0054E2A1DE25500CDDEEC /* RealmBasedRepository.swift in Sources */,
				9D7D991C29F6F271008AC934 /* Loader.swift in Sources */,
				9DA57C0429F434BD00B3BBAE /* LoginMainState.swift in Sources */,
				9D7D4D3D29F553000033B5AF /* TasksModuleBuilder.swift in Sources */,
				9DBFAA1629F7F2E0001F27DC /* Separator.swift in Sources */,
				9DA57C0829F435A200B3BBAE /* LoginMainInterceptor.swift in Sources */,
				9D7D4D4A29F557630033B5AF /* NavigationController.swift in Sources */,
				9D12F5EF2A002A2E0019625E /* ErrorHandler.swift in Sources */,
				9D7D4D4C29F58DDD0033B5AF /* TabBarController.swift in Sources */,
				9D7D4D5429F591820033B5AF /* SecondaryButton.swift in Sources */,
				9DA57BF429F411D600B3BBAE /* ImageResource.swift in Sources */,
				9DA4A40129F502CC00A85AF5 /* AcelanTaskStatus.swift in Sources */,
				9D7D4D5C29F592A00033B5AF /* ProfileMainAction.swift in Sources */,
				9D12F5B829FFC1260019625E /* PrimaryTextFieldKeyboardType.swift in Sources */,
				9D8311BC2A1A582B00B376CE /* ArtifactsMainScenarioProtocol.swift in Sources */,
				9DA57C1829F4490C00B3BBAE /* NavigationConfiguration.swift in Sources */,
				9D7D4D4629F553CD0033B5AF /* TasksMainAction.swift in Sources */,
				9D7D4D6029F593190033B5AF /* ProfileMainScenario.swift in Sources */,
				9D7620552A1900CF00FAE9CE /* Artifact.swift in Sources */,
				9D8311BA2A1A580800B376CE /* ArtifactsMainScenario.swift in Sources */,
				9D12F5EB2A0029E70019625E /* ErrorProcessor.swift in Sources */,
				9DA57C1629F4481A00B3BBAE /* LoginMainScenarioProtocol.swift in Sources */,
				9D12F5FD2A003BB00019625E /* TasksMainScenario.swift in Sources */,
				9D8311BE2A1A7E5F00B376CE /* ModelViewerScenario.swift in Sources */,
				9D12F5C929FFDE550019625E /* DeleteButton.swift in Sources */,
				9DBFAA1A29F7F7A6001F27DC /* NavigationBarItem.swift in Sources */,
				9D6530762A0163C600434A94 /* TasksDetailScenarioProtocol.swift in Sources */,
				9D8311C02A1A7E6A00B376CE /* ModelViewerScenarioProtocol.swift in Sources */,
				9DBFAA1029F7D344001F27DC /* TasksDetailAction.swift in Sources */,
				9D12F5F32A002A7D0019625E /* AppErrorProcessor.swift in Sources */,
				9D7D4D4229F553490033B5AF /* TasksMainState.swift in Sources */,
				9DA4A40B29F50C2900A85AF5 /* AcelanTaskArtifact.swift in Sources */,
				9D12F5E22A001A4F0019625E /* TokenResponse.swift in Sources */,
				9D12F5D329FFF1A00019625E /* ApiRouter.swift in Sources */,
				9D7D4D4E29F58F790033B5AF /* TabBarItem.swift in Sources */,
				9D12F5C729FFDCE50019625E /* ModelViewerMainPage.swift in Sources */,
				9D12F5C529FFDC7E0019625E /* ModelViewerMainInterceptor.swift in Sources */,
				9D12F5B629FFBD540019625E /* ItemOverlayView.swift in Sources */,
				9D7620572A19311000FAE9CE /* ArtifactsRepository.swift in Sources */,
				9DA4A40329F5097400A85AF5 /* AcelanTask.swift in Sources */,
				9D12F5B429FFB9390019625E /* ArtifactsMainPage.swift in Sources */,
				9DA57C0C29F4362F00B3BBAE /* NavigationBar.swift in Sources */,
				9D12F5E62A0023700019625E /* AlertNavigation.swift in Sources */,
			);
			runOnlyForDeploymentPostprocessing = 0;
		};
/* End PBXSourcesBuildPhase section */

/* Begin XCBuildConfiguration section */
		9D5A802729BB9D5900648BA1 /* Debug */ = {
			isa = XCBuildConfiguration;
			buildSettings = {
				ALWAYS_SEARCH_USER_PATHS = NO;
				CLANG_ANALYZER_NONNULL = YES;
				CLANG_ANALYZER_NUMBER_OBJECT_CONVERSION = YES_AGGRESSIVE;
				CLANG_CXX_LANGUAGE_STANDARD = "gnu++20";
				CLANG_ENABLE_MODULES = YES;
				CLANG_ENABLE_OBJC_ARC = YES;
				CLANG_ENABLE_OBJC_WEAK = YES;
				CLANG_WARN_BLOCK_CAPTURE_AUTORELEASING = YES;
				CLANG_WARN_BOOL_CONVERSION = YES;
				CLANG_WARN_COMMA = YES;
				CLANG_WARN_CONSTANT_CONVERSION = YES;
				CLANG_WARN_DEPRECATED_OBJC_IMPLEMENTATIONS = YES;
				CLANG_WARN_DIRECT_OBJC_ISA_USAGE = YES_ERROR;
				CLANG_WARN_DOCUMENTATION_COMMENTS = YES;
				CLANG_WARN_EMPTY_BODY = YES;
				CLANG_WARN_ENUM_CONVERSION = YES;
				CLANG_WARN_INFINITE_RECURSION = YES;
				CLANG_WARN_INT_CONVERSION = YES;
				CLANG_WARN_NON_LITERAL_NULL_CONVERSION = YES;
				CLANG_WARN_OBJC_IMPLICIT_RETAIN_SELF = YES;
				CLANG_WARN_OBJC_LITERAL_CONVERSION = YES;
				CLANG_WARN_OBJC_ROOT_CLASS = YES_ERROR;
				CLANG_WARN_QUOTED_INCLUDE_IN_FRAMEWORK_HEADER = YES;
				CLANG_WARN_RANGE_LOOP_ANALYSIS = YES;
				CLANG_WARN_STRICT_PROTOTYPES = YES;
				CLANG_WARN_SUSPICIOUS_MOVE = YES;
				CLANG_WARN_UNGUARDED_AVAILABILITY = YES_AGGRESSIVE;
				CLANG_WARN_UNREACHABLE_CODE = YES;
				CLANG_WARN__DUPLICATE_METHOD_MATCH = YES;
				COPY_PHASE_STRIP = NO;
				DEBUG_INFORMATION_FORMAT = dwarf;
				ENABLE_STRICT_OBJC_MSGSEND = YES;
				ENABLE_TESTABILITY = YES;
				GCC_C_LANGUAGE_STANDARD = gnu11;
				GCC_DYNAMIC_NO_PIC = NO;
				GCC_NO_COMMON_BLOCKS = YES;
				GCC_OPTIMIZATION_LEVEL = 0;
				GCC_PREPROCESSOR_DEFINITIONS = (
					"DEBUG=1",
					"$(inherited)",
				);
				GCC_WARN_64_TO_32_BIT_CONVERSION = YES;
				GCC_WARN_ABOUT_RETURN_TYPE = YES_ERROR;
				GCC_WARN_UNDECLARED_SELECTOR = YES;
				GCC_WARN_UNINITIALIZED_AUTOS = YES_AGGRESSIVE;
				GCC_WARN_UNUSED_FUNCTION = YES;
				GCC_WARN_UNUSED_VARIABLE = YES;
				IPHONEOS_DEPLOYMENT_TARGET = 14.0;
				MTL_ENABLE_DEBUG_INFO = INCLUDE_SOURCE;
				MTL_FAST_MATH = YES;
				ONLY_ACTIVE_ARCH = YES;
				SDKROOT = iphoneos;
				SWIFT_ACTIVE_COMPILATION_CONDITIONS = DEBUG;
				SWIFT_OPTIMIZATION_LEVEL = "-Onone";
			};
			name = Debug;
		};
		9D5A802829BB9D5900648BA1 /* Release */ = {
			isa = XCBuildConfiguration;
			buildSettings = {
				ALWAYS_SEARCH_USER_PATHS = NO;
				CLANG_ANALYZER_NONNULL = YES;
				CLANG_ANALYZER_NUMBER_OBJECT_CONVERSION = YES_AGGRESSIVE;
				CLANG_CXX_LANGUAGE_STANDARD = "gnu++20";
				CLANG_ENABLE_MODULES = YES;
				CLANG_ENABLE_OBJC_ARC = YES;
				CLANG_ENABLE_OBJC_WEAK = YES;
				CLANG_WARN_BLOCK_CAPTURE_AUTORELEASING = YES;
				CLANG_WARN_BOOL_CONVERSION = YES;
				CLANG_WARN_COMMA = YES;
				CLANG_WARN_CONSTANT_CONVERSION = YES;
				CLANG_WARN_DEPRECATED_OBJC_IMPLEMENTATIONS = YES;
				CLANG_WARN_DIRECT_OBJC_ISA_USAGE = YES_ERROR;
				CLANG_WARN_DOCUMENTATION_COMMENTS = YES;
				CLANG_WARN_EMPTY_BODY = YES;
				CLANG_WARN_ENUM_CONVERSION = YES;
				CLANG_WARN_INFINITE_RECURSION = YES;
				CLANG_WARN_INT_CONVERSION = YES;
				CLANG_WARN_NON_LITERAL_NULL_CONVERSION = YES;
				CLANG_WARN_OBJC_IMPLICIT_RETAIN_SELF = YES;
				CLANG_WARN_OBJC_LITERAL_CONVERSION = YES;
				CLANG_WARN_OBJC_ROOT_CLASS = YES_ERROR;
				CLANG_WARN_QUOTED_INCLUDE_IN_FRAMEWORK_HEADER = YES;
				CLANG_WARN_RANGE_LOOP_ANALYSIS = YES;
				CLANG_WARN_STRICT_PROTOTYPES = YES;
				CLANG_WARN_SUSPICIOUS_MOVE = YES;
				CLANG_WARN_UNGUARDED_AVAILABILITY = YES_AGGRESSIVE;
				CLANG_WARN_UNREACHABLE_CODE = YES;
				CLANG_WARN__DUPLICATE_METHOD_MATCH = YES;
				COPY_PHASE_STRIP = NO;
				DEBUG_INFORMATION_FORMAT = "dwarf-with-dsym";
				ENABLE_NS_ASSERTIONS = NO;
				ENABLE_STRICT_OBJC_MSGSEND = YES;
				GCC_C_LANGUAGE_STANDARD = gnu11;
				GCC_NO_COMMON_BLOCKS = YES;
				GCC_WARN_64_TO_32_BIT_CONVERSION = YES;
				GCC_WARN_ABOUT_RETURN_TYPE = YES_ERROR;
				GCC_WARN_UNDECLARED_SELECTOR = YES;
				GCC_WARN_UNINITIALIZED_AUTOS = YES_AGGRESSIVE;
				GCC_WARN_UNUSED_FUNCTION = YES;
				GCC_WARN_UNUSED_VARIABLE = YES;
				IPHONEOS_DEPLOYMENT_TARGET = 14.0;
				MTL_ENABLE_DEBUG_INFO = NO;
				MTL_FAST_MATH = YES;
				SDKROOT = iphoneos;
				SWIFT_COMPILATION_MODE = wholemodule;
				SWIFT_OPTIMIZATION_LEVEL = "-O";
				VALIDATE_PRODUCT = YES;
			};
			name = Release;
		};
		9D5A802A29BB9D5900648BA1 /* Debug */ = {
			isa = XCBuildConfiguration;
			buildSettings = {
				ASSETCATALOG_COMPILER_APPICON_NAME = AppIcon;
				CODE_SIGN_STYLE = Automatic;
				CURRENT_PROJECT_VERSION = 1;
				DEVELOPMENT_TEAM = 24X4EL2BCS;
				ENABLE_PREVIEWS = YES;
				INFOPLIST_FILE = AcelanProgress/Resources/Info.plist;
				INFOPLIST_KEY_CFBundleDisplayName = "Acelan Progress";
				INFOPLIST_KEY_UIApplicationSceneManifest_Generation = YES;
				INFOPLIST_KEY_UIApplicationSupportsIndirectInputEvents = YES;
				INFOPLIST_KEY_UILaunchScreen_Generation = YES;
				INFOPLIST_KEY_UISupportedInterfaceOrientations = UIInterfaceOrientationPortrait;
				INFOPLIST_KEY_UISupportedInterfaceOrientations_iPad = "UIInterfaceOrientationLandscapeLeft UIInterfaceOrientationLandscapeRight UIInterfaceOrientationPortrait UIInterfaceOrientationPortraitUpsideDown";
				INFOPLIST_KEY_UIUserInterfaceStyle = Light;
				IPHONEOS_DEPLOYMENT_TARGET = 14.0;
				LD_RUNPATH_SEARCH_PATHS = (
					"$(inherited)",
					"@executable_path/Frameworks",
				);
				MARKETING_VERSION = 1.0;
				PRODUCT_BUNDLE_IDENTIFIER = ru.sfedu.mmcs.AcelanProgress;
				PRODUCT_NAME = "$(TARGET_NAME)";
				SUPPORTED_PLATFORMS = "iphoneos iphonesimulator";
				SUPPORTS_MACCATALYST = NO;
				SUPPORTS_MAC_DESIGNED_FOR_IPHONE_IPAD = NO;
				SWIFT_EMIT_LOC_STRINGS = YES;
				SWIFT_VERSION = 5.0;
				TARGETED_DEVICE_FAMILY = 1;
			};
			name = Debug;
		};
		9D5A802B29BB9D5900648BA1 /* Release */ = {
			isa = XCBuildConfiguration;
			buildSettings = {
				ASSETCATALOG_COMPILER_APPICON_NAME = AppIcon;
				CODE_SIGN_STYLE = Automatic;
				CURRENT_PROJECT_VERSION = 1;
				DEVELOPMENT_TEAM = 24X4EL2BCS;
				ENABLE_PREVIEWS = YES;
				INFOPLIST_FILE = AcelanProgress/Resources/Info.plist;
				INFOPLIST_KEY_CFBundleDisplayName = "Acelan Progress";
				INFOPLIST_KEY_UIApplicationSceneManifest_Generation = YES;
				INFOPLIST_KEY_UIApplicationSupportsIndirectInputEvents = YES;
				INFOPLIST_KEY_UILaunchScreen_Generation = YES;
				INFOPLIST_KEY_UISupportedInterfaceOrientations = UIInterfaceOrientationPortrait;
				INFOPLIST_KEY_UISupportedInterfaceOrientations_iPad = "UIInterfaceOrientationLandscapeLeft UIInterfaceOrientationLandscapeRight UIInterfaceOrientationPortrait UIInterfaceOrientationPortraitUpsideDown";
				INFOPLIST_KEY_UIUserInterfaceStyle = Light;
				IPHONEOS_DEPLOYMENT_TARGET = 14.0;
				LD_RUNPATH_SEARCH_PATHS = (
					"$(inherited)",
					"@executable_path/Frameworks",
				);
				MARKETING_VERSION = 1.0;
				PRODUCT_BUNDLE_IDENTIFIER = ru.sfedu.mmcs.AcelanProgress;
				PRODUCT_NAME = "$(TARGET_NAME)";
				SUPPORTED_PLATFORMS = "iphoneos iphonesimulator";
				SUPPORTS_MACCATALYST = NO;
				SUPPORTS_MAC_DESIGNED_FOR_IPHONE_IPAD = NO;
				SWIFT_EMIT_LOC_STRINGS = YES;
				SWIFT_VERSION = 5.0;
				TARGETED_DEVICE_FAMILY = 1;
			};
			name = Release;
		};
/* End XCBuildConfiguration section */

/* Begin XCConfigurationList section */
		9D5A801629BB9D5300648BA1 /* Build configuration list for PBXProject "AcelanProgress" */ = {
			isa = XCConfigurationList;
			buildConfigurations = (
				9D5A802729BB9D5900648BA1 /* Debug */,
				9D5A802829BB9D5900648BA1 /* Release */,
			);
			defaultConfigurationIsVisible = 0;
			defaultConfigurationName = Release;
		};
		9D5A802929BB9D5900648BA1 /* Build configuration list for PBXNativeTarget "AcelanProgress" */ = {
			isa = XCConfigurationList;
			buildConfigurations = (
				9D5A802A29BB9D5900648BA1 /* Debug */,
				9D5A802B29BB9D5900648BA1 /* Release */,
			);
			defaultConfigurationIsVisible = 0;
			defaultConfigurationName = Release;
		};
/* End XCConfigurationList section */

/* Begin XCRemoteSwiftPackageReference section */
		9D32B6302A08CF8D001095D4 /* XCRemoteSwiftPackageReference "StatefulArch" */ = {
			isa = XCRemoteSwiftPackageReference;
			repositoryURL = "https://github.com/purenative/StatefulArch.git";
			requirement = {
				branch = main;
				kind = branch;
			};
		};
		9D32B6332A08CFE8001095D4 /* XCRemoteSwiftPackageReference "iOSWebClient" */ = {
			isa = XCRemoteSwiftPackageReference;
			repositoryURL = "https://github.com/purenative/iOSWebClient";
			requirement = {
				branch = main;
				kind = branch;
			};
		};
		9D32B6362A08D010001095D4 /* XCRemoteSwiftPackageReference "AppConfiguration" */ = {
			isa = XCRemoteSwiftPackageReference;
			repositoryURL = "https://github.com/purenative/AppConfiguration";
			requirement = {
				branch = main;
				kind = branch;
			};
		};
		9D32B6392A08D03D001095D4 /* XCRemoteSwiftPackageReference "SwiftDI" */ = {
			isa = XCRemoteSwiftPackageReference;
			repositoryURL = "https://github.com/purenative/SwiftDI.git";
			requirement = {
				branch = main;
				kind = branch;
			};
		};
		9D7620582A1A2E4500FAE9CE /* XCRemoteSwiftPackageReference "realm-swift" */ = {
			isa = XCRemoteSwiftPackageReference;
			repositoryURL = "https://github.com/realm/realm-swift";
			requirement = {
				branch = master;
				kind = branch;
			};
		};
		9DA57BF829F417C100B3BBAE /* XCRemoteSwiftPackageReference "pncomponentns" */ = {
			isa = XCRemoteSwiftPackageReference;
			repositoryURL = "https://github.com/purenative/pncomponentns.git";
			requirement = {
				branch = main;
				kind = branch;
			};
		};
/* End XCRemoteSwiftPackageReference section */

/* Begin XCSwiftPackageProductDependency section */
		9D32B6312A08CF8D001095D4 /* StatefulArch */ = {
			isa = XCSwiftPackageProductDependency;
			package = 9D32B6302A08CF8D001095D4 /* XCRemoteSwiftPackageReference "StatefulArch" */;
			productName = StatefulArch;
		};
		9D32B6342A08CFE8001095D4 /* WebClient */ = {
			isa = XCSwiftPackageProductDependency;
			package = 9D32B6332A08CFE8001095D4 /* XCRemoteSwiftPackageReference "iOSWebClient" */;
			productName = WebClient;
		};
		9D32B6372A08D010001095D4 /* AppConfiguration */ = {
			isa = XCSwiftPackageProductDependency;
			package = 9D32B6362A08D010001095D4 /* XCRemoteSwiftPackageReference "AppConfiguration" */;
			productName = AppConfiguration;
		};
		9D32B63A2A08D03D001095D4 /* SwiftDI */ = {
			isa = XCSwiftPackageProductDependency;
			package = 9D32B6392A08D03D001095D4 /* XCRemoteSwiftPackageReference "SwiftDI" */;
			productName = SwiftDI;
		};
		9D7620592A1A2E4500FAE9CE /* Realm */ = {
			isa = XCSwiftPackageProductDependency;
			package = 9D7620582A1A2E4500FAE9CE /* XCRemoteSwiftPackageReference "realm-swift" */;
			productName = Realm;
		};
		9D76205B2A1A2E4500FAE9CE /* RealmSwift */ = {
			isa = XCSwiftPackageProductDependency;
			package = 9D7620582A1A2E4500FAE9CE /* XCRemoteSwiftPackageReference "realm-swift" */;
			productName = RealmSwift;
		};
		9DA57BF929F417C100B3BBAE /* PNComponents */ = {
			isa = XCSwiftPackageProductDependency;
			package = 9DA57BF829F417C100B3BBAE /* XCRemoteSwiftPackageReference "pncomponentns" */;
			productName = PNComponents;
		};
/* End XCSwiftPackageProductDependency section */
	};
	rootObject = 9D5A801329BB9D5300648BA1 /* Project object */;
}
