// !$*UTF8*$!
{
	archiveVersion = 1;
	classes = {
	};
	objectVersion = 56;
	objects = {

/* Begin PBXBuildFile section */
		9D5A801F29BB9D5300648BA1 /* AcelanProgressApp.swift in Sources */ = {isa = PBXBuildFile; fileRef = 9D5A801E29BB9D5300648BA1 /* AcelanProgressApp.swift */; };
		9D5A802329BB9D5900648BA1 /* Assets.xcassets in Resources */ = {isa = PBXBuildFile; fileRef = 9D5A802229BB9D5900648BA1 /* Assets.xcassets */; };
		9D7AF9C429F3FC7100E7C9E1 /* SwiftDI in Frameworks */ = {isa = PBXBuildFile; productRef = 9D7AF9C329F3FC7100E7C9E1 /* SwiftDI */; };
		9D7AF9C729F3FCEF00E7C9E1 /* AppConfiguration in Frameworks */ = {isa = PBXBuildFile; productRef = 9D7AF9C629F3FCEF00E7C9E1 /* AppConfiguration */; };
		9D7D4D3D29F553000033B5AF /* TasksModuleBuilder.swift in Sources */ = {isa = PBXBuildFile; fileRef = 9D7D4D3C29F553000033B5AF /* TasksModuleBuilder.swift */; };
		9D7D4D4029F5533A0033B5AF /* TasksMainPage.swift in Sources */ = {isa = PBXBuildFile; fileRef = 9D7D4D3F29F5533A0033B5AF /* TasksMainPage.swift */; };
		9D7D4D4229F553490033B5AF /* TasksMainState.swift in Sources */ = {isa = PBXBuildFile; fileRef = 9D7D4D4129F553490033B5AF /* TasksMainState.swift */; };
		9D7D4D4429F553B30033B5AF /* TasksMainInterceptor.swift in Sources */ = {isa = PBXBuildFile; fileRef = 9D7D4D4329F553B30033B5AF /* TasksMainInterceptor.swift */; };
		9D7D4D4629F553CD0033B5AF /* TasksMainAction.swift in Sources */ = {isa = PBXBuildFile; fileRef = 9D7D4D4529F553CD0033B5AF /* TasksMainAction.swift */; };
		9D7D4D4A29F557630033B5AF /* NavigationController.swift in Sources */ = {isa = PBXBuildFile; fileRef = 9D7D4D4929F557630033B5AF /* NavigationController.swift */; };
		9DA4A40129F502CC00A85AF5 /* AcelanTaskStatus.swift in Sources */ = {isa = PBXBuildFile; fileRef = 9DA4A40029F502CC00A85AF5 /* AcelanTaskStatus.swift */; };
		9DA4A40329F5097400A85AF5 /* AcelanTask.swift in Sources */ = {isa = PBXBuildFile; fileRef = 9DA4A40229F5097400A85AF5 /* AcelanTask.swift */; };
		9DA4A40729F50A6100A85AF5 /* AcelanTaskDateFormatter.swift in Sources */ = {isa = PBXBuildFile; fileRef = 9DA4A40629F50A6100A85AF5 /* AcelanTaskDateFormatter.swift */; };
		9DA4A40929F50A9E00A85AF5 /* DateFormatterProtocol.swift in Sources */ = {isa = PBXBuildFile; fileRef = 9DA4A40829F50A9E00A85AF5 /* DateFormatterProtocol.swift */; };
		9DA4A40B29F50C2900A85AF5 /* AcelanTaskArtifact.swift in Sources */ = {isa = PBXBuildFile; fileRef = 9DA4A40A29F50C2900A85AF5 /* AcelanTaskArtifact.swift */; };
		9DA4A40D29F50EA200A85AF5 /* AcelanTaskFileType.swift in Sources */ = {isa = PBXBuildFile; fileRef = 9DA4A40C29F50EA200A85AF5 /* AcelanTaskFileType.swift */; };
		9DA4A41029F5117400A85AF5 /* TaskItem.swift in Sources */ = {isa = PBXBuildFile; fileRef = 9DA4A40F29F5117400A85AF5 /* TaskItem.swift */; };
		9DA4A41429F5321A00A85AF5 /* String.swift in Sources */ = {isa = PBXBuildFile; fileRef = 9DA4A41329F5321A00A85AF5 /* String.swift */; };
		9DA4A41629F5446600A85AF5 /* Int+String.swift in Sources */ = {isa = PBXBuildFile; fileRef = 9DA4A41529F5446600A85AF5 /* Int+String.swift */; };
		9DA57BF029F40ED400B3BBAE /* PrimaryButton.swift in Sources */ = {isa = PBXBuildFile; fileRef = 9DA57BEF29F40ED400B3BBAE /* PrimaryButton.swift */; };
		9DA57BF229F4109700B3BBAE /* ColorResource.swift in Sources */ = {isa = PBXBuildFile; fileRef = 9DA57BF129F4109700B3BBAE /* ColorResource.swift */; };
		9DA57BF429F411D600B3BBAE /* ImageResource.swift in Sources */ = {isa = PBXBuildFile; fileRef = 9DA57BF329F411D600B3BBAE /* ImageResource.swift */; };
		9DA57BFA29F417C100B3BBAE /* PNComponents in Frameworks */ = {isa = PBXBuildFile; productRef = 9DA57BF929F417C100B3BBAE /* PNComponents */; };
		9DA57BFC29F425FD00B3BBAE /* AcelanTextField.swift in Sources */ = {isa = PBXBuildFile; fileRef = 9DA57BFB29F425FD00B3BBAE /* AcelanTextField.swift */; };
		9DA57BFF29F4263200B3BBAE /* AcelanTextFieldState.swift in Sources */ = {isa = PBXBuildFile; fileRef = 9DA57BFE29F4263200B3BBAE /* AcelanTextFieldState.swift */; };
		9DA57C0429F434BD00B3BBAE /* LoginMainState.swift in Sources */ = {isa = PBXBuildFile; fileRef = 9DA57C0329F434BD00B3BBAE /* LoginMainState.swift */; };
		9DA57C0629F4350B00B3BBAE /* LoginMainAction.swift in Sources */ = {isa = PBXBuildFile; fileRef = 9DA57C0529F4350B00B3BBAE /* LoginMainAction.swift */; };
		9DA57C0829F435A200B3BBAE /* LoginMainInterceptor.swift in Sources */ = {isa = PBXBuildFile; fileRef = 9DA57C0729F435A200B3BBAE /* LoginMainInterceptor.swift */; };
		9DA57C0A29F435E800B3BBAE /* LoginMainPage.swift in Sources */ = {isa = PBXBuildFile; fileRef = 9DA57C0929F435E800B3BBAE /* LoginMainPage.swift */; };
		9DA57C0C29F4362F00B3BBAE /* NavigationBar.swift in Sources */ = {isa = PBXBuildFile; fileRef = 9DA57C0B29F4362F00B3BBAE /* NavigationBar.swift */; };
		9DA57C0E29F437EE00B3BBAE /* LoginModuleBuilder.swift in Sources */ = {isa = PBXBuildFile; fileRef = 9DA57C0D29F437EE00B3BBAE /* LoginModuleBuilder.swift */; };
		9DA57C1229F439EC00B3BBAE /* DIConfiguration.swift in Sources */ = {isa = PBXBuildFile; fileRef = 9DA57C1129F439EC00B3BBAE /* DIConfiguration.swift */; };
		9DA57C1429F447FB00B3BBAE /* LoginMainScenario.swift in Sources */ = {isa = PBXBuildFile; fileRef = 9DA57C1329F447FB00B3BBAE /* LoginMainScenario.swift */; };
		9DA57C1629F4481A00B3BBAE /* LoginMainScenarioProtocol.swift in Sources */ = {isa = PBXBuildFile; fileRef = 9DA57C1529F4481A00B3BBAE /* LoginMainScenarioProtocol.swift */; };
		9DA57C1829F4490C00B3BBAE /* NavigationConfiguration.swift in Sources */ = {isa = PBXBuildFile; fileRef = 9DA57C1729F4490C00B3BBAE /* NavigationConfiguration.swift */; };
		9DA57C1D29F451F000B3BBAE /* TaskItemView.swift in Sources */ = {isa = PBXBuildFile; fileRef = 9DA57C1C29F451F000B3BBAE /* TaskItemView.swift */; };
		9DA57C2129F4525B00B3BBAE /* TaskItemData.swift in Sources */ = {isa = PBXBuildFile; fileRef = 9DA57C2029F4525B00B3BBAE /* TaskItemData.swift */; };
		9DA9DE1029E3338A004F8274 /* StatefulArch in Frameworks */ = {isa = PBXBuildFile; productRef = 9DA9DE0F29E3338A004F8274 /* StatefulArch */; };
/* End PBXBuildFile section */

/* Begin PBXCopyFilesBuildPhase section */
		9D7AF9D829F400B900E7C9E1 /* Embed Frameworks */ = {
			isa = PBXCopyFilesBuildPhase;
			buildActionMask = 2147483647;
			dstPath = "";
			dstSubfolderSpec = 10;
			files = (
			);
			name = "Embed Frameworks";
			runOnlyForDeploymentPostprocessing = 0;
		};
/* End PBXCopyFilesBuildPhase section */

/* Begin PBXFileReference section */
		9D5A801B29BB9D5300648BA1 /* AcelanProgress.app */ = {isa = PBXFileReference; explicitFileType = wrapper.application; includeInIndex = 0; path = AcelanProgress.app; sourceTree = BUILT_PRODUCTS_DIR; };
		9D5A801E29BB9D5300648BA1 /* AcelanProgressApp.swift */ = {isa = PBXFileReference; lastKnownFileType = sourcecode.swift; path = AcelanProgressApp.swift; sourceTree = "<group>"; };
		9D5A802229BB9D5900648BA1 /* Assets.xcassets */ = {isa = PBXFileReference; lastKnownFileType = folder.assetcatalog; path = Assets.xcassets; sourceTree = "<group>"; };
		9D7D4D3C29F553000033B5AF /* TasksModuleBuilder.swift */ = {isa = PBXFileReference; lastKnownFileType = sourcecode.swift; path = TasksModuleBuilder.swift; sourceTree = "<group>"; };
		9D7D4D3F29F5533A0033B5AF /* TasksMainPage.swift */ = {isa = PBXFileReference; lastKnownFileType = sourcecode.swift; path = TasksMainPage.swift; sourceTree = "<group>"; };
		9D7D4D4129F553490033B5AF /* TasksMainState.swift */ = {isa = PBXFileReference; lastKnownFileType = sourcecode.swift; path = TasksMainState.swift; sourceTree = "<group>"; };
		9D7D4D4329F553B30033B5AF /* TasksMainInterceptor.swift */ = {isa = PBXFileReference; lastKnownFileType = sourcecode.swift; path = TasksMainInterceptor.swift; sourceTree = "<group>"; };
		9D7D4D4529F553CD0033B5AF /* TasksMainAction.swift */ = {isa = PBXFileReference; lastKnownFileType = sourcecode.swift; path = TasksMainAction.swift; sourceTree = "<group>"; };
		9D7D4D4929F557630033B5AF /* NavigationController.swift */ = {isa = PBXFileReference; lastKnownFileType = sourcecode.swift; path = NavigationController.swift; sourceTree = "<group>"; };
		9DA4A40029F502CC00A85AF5 /* AcelanTaskStatus.swift */ = {isa = PBXFileReference; lastKnownFileType = sourcecode.swift; path = AcelanTaskStatus.swift; sourceTree = "<group>"; };
		9DA4A40229F5097400A85AF5 /* AcelanTask.swift */ = {isa = PBXFileReference; lastKnownFileType = sourcecode.swift; path = AcelanTask.swift; sourceTree = "<group>"; };
		9DA4A40629F50A6100A85AF5 /* AcelanTaskDateFormatter.swift */ = {isa = PBXFileReference; lastKnownFileType = sourcecode.swift; path = AcelanTaskDateFormatter.swift; sourceTree = "<group>"; };
		9DA4A40829F50A9E00A85AF5 /* DateFormatterProtocol.swift */ = {isa = PBXFileReference; lastKnownFileType = sourcecode.swift; path = DateFormatterProtocol.swift; sourceTree = "<group>"; };
		9DA4A40A29F50C2900A85AF5 /* AcelanTaskArtifact.swift */ = {isa = PBXFileReference; lastKnownFileType = sourcecode.swift; path = AcelanTaskArtifact.swift; sourceTree = "<group>"; };
		9DA4A40C29F50EA200A85AF5 /* AcelanTaskFileType.swift */ = {isa = PBXFileReference; lastKnownFileType = sourcecode.swift; path = AcelanTaskFileType.swift; sourceTree = "<group>"; };
		9DA4A40F29F5117400A85AF5 /* TaskItem.swift */ = {isa = PBXFileReference; lastKnownFileType = sourcecode.swift; path = TaskItem.swift; sourceTree = "<group>"; };
		9DA4A41329F5321A00A85AF5 /* String.swift */ = {isa = PBXFileReference; lastKnownFileType = sourcecode.swift; path = String.swift; sourceTree = "<group>"; };
		9DA4A41529F5446600A85AF5 /* Int+String.swift */ = {isa = PBXFileReference; lastKnownFileType = sourcecode.swift; path = "Int+String.swift"; sourceTree = "<group>"; };
		9DA57BEF29F40ED400B3BBAE /* PrimaryButton.swift */ = {isa = PBXFileReference; lastKnownFileType = sourcecode.swift; path = PrimaryButton.swift; sourceTree = "<group>"; };
		9DA57BF129F4109700B3BBAE /* ColorResource.swift */ = {isa = PBXFileReference; lastKnownFileType = sourcecode.swift; path = ColorResource.swift; sourceTree = "<group>"; };
		9DA57BF329F411D600B3BBAE /* ImageResource.swift */ = {isa = PBXFileReference; lastKnownFileType = sourcecode.swift; path = ImageResource.swift; sourceTree = "<group>"; };
		9DA57BFB29F425FD00B3BBAE /* AcelanTextField.swift */ = {isa = PBXFileReference; lastKnownFileType = sourcecode.swift; path = AcelanTextField.swift; sourceTree = "<group>"; };
		9DA57BFE29F4263200B3BBAE /* AcelanTextFieldState.swift */ = {isa = PBXFileReference; lastKnownFileType = sourcecode.swift; path = AcelanTextFieldState.swift; sourceTree = "<group>"; };
		9DA57C0329F434BD00B3BBAE /* LoginMainState.swift */ = {isa = PBXFileReference; lastKnownFileType = sourcecode.swift; path = LoginMainState.swift; sourceTree = "<group>"; };
		9DA57C0529F4350B00B3BBAE /* LoginMainAction.swift */ = {isa = PBXFileReference; lastKnownFileType = sourcecode.swift; path = LoginMainAction.swift; sourceTree = "<group>"; };
		9DA57C0729F435A200B3BBAE /* LoginMainInterceptor.swift */ = {isa = PBXFileReference; lastKnownFileType = sourcecode.swift; path = LoginMainInterceptor.swift; sourceTree = "<group>"; };
		9DA57C0929F435E800B3BBAE /* LoginMainPage.swift */ = {isa = PBXFileReference; lastKnownFileType = sourcecode.swift; path = LoginMainPage.swift; sourceTree = "<group>"; };
		9DA57C0B29F4362F00B3BBAE /* NavigationBar.swift */ = {isa = PBXFileReference; lastKnownFileType = sourcecode.swift; path = NavigationBar.swift; sourceTree = "<group>"; };
		9DA57C0D29F437EE00B3BBAE /* LoginModuleBuilder.swift */ = {isa = PBXFileReference; lastKnownFileType = sourcecode.swift; path = LoginModuleBuilder.swift; sourceTree = "<group>"; };
		9DA57C1129F439EC00B3BBAE /* DIConfiguration.swift */ = {isa = PBXFileReference; lastKnownFileType = sourcecode.swift; path = DIConfiguration.swift; sourceTree = "<group>"; };
		9DA57C1329F447FB00B3BBAE /* LoginMainScenario.swift */ = {isa = PBXFileReference; lastKnownFileType = sourcecode.swift; path = LoginMainScenario.swift; sourceTree = "<group>"; };
		9DA57C1529F4481A00B3BBAE /* LoginMainScenarioProtocol.swift */ = {isa = PBXFileReference; lastKnownFileType = sourcecode.swift; path = LoginMainScenarioProtocol.swift; sourceTree = "<group>"; };
		9DA57C1729F4490C00B3BBAE /* NavigationConfiguration.swift */ = {isa = PBXFileReference; lastKnownFileType = sourcecode.swift; path = NavigationConfiguration.swift; sourceTree = "<group>"; };
		9DA57C1C29F451F000B3BBAE /* TaskItemView.swift */ = {isa = PBXFileReference; lastKnownFileType = sourcecode.swift; path = TaskItemView.swift; sourceTree = "<group>"; };
		9DA57C2029F4525B00B3BBAE /* TaskItemData.swift */ = {isa = PBXFileReference; lastKnownFileType = sourcecode.swift; path = TaskItemData.swift; sourceTree = "<group>"; };
/* End PBXFileReference section */

/* Begin PBXFrameworksBuildPhase section */
		9D5A801829BB9D5300648BA1 /* Frameworks */ = {
			isa = PBXFrameworksBuildPhase;
			buildActionMask = 2147483647;
			files = (
				9DA57BFA29F417C100B3BBAE /* PNComponents in Frameworks */,
				9DA9DE1029E3338A004F8274 /* StatefulArch in Frameworks */,
				9D7AF9C429F3FC7100E7C9E1 /* SwiftDI in Frameworks */,
				9D7AF9C729F3FCEF00E7C9E1 /* AppConfiguration in Frameworks */,
			);
			runOnlyForDeploymentPostprocessing = 0;
		};
/* End PBXFrameworksBuildPhase section */

/* Begin PBXGroup section */
		9D5A801229BB9D5300648BA1 = {
			isa = PBXGroup;
			children = (
				9D5A801D29BB9D5300648BA1 /* AcelanProgress */,
				9D5A801C29BB9D5300648BA1 /* Products */,
			);
			sourceTree = "<group>";
		};
		9D5A801C29BB9D5300648BA1 /* Products */ = {
			isa = PBXGroup;
			children = (
				9D5A801B29BB9D5300648BA1 /* AcelanProgress.app */,
			);
			name = Products;
			sourceTree = "<group>";
		};
		9D5A801D29BB9D5300648BA1 /* AcelanProgress */ = {
			isa = PBXGroup;
			children = (
				9D7D4D4729F557430033B5AF /* ReusableComponents */,
				9DA4A41229F5321100A85AF5 /* Extensions */,
				9DA4A41129F531FA00A85AF5 /* Support */,
				9DA57C1E29F4522C00B3BBAE /* Models */,
				9DA57C0F29F439BC00B3BBAE /* AppConfigurations */,
				9DA57C0029F4343F00B3BBAE /* Modules */,
				9D7AF9DE29F4019200E7C9E1 /* Views */,
				9DA9DE0D29E32E74004F8274 /* Resources */,
				9D5A801E29BB9D5300648BA1 /* AcelanProgressApp.swift */,
			);
			path = AcelanProgress;
			sourceTree = "<group>";
		};
		9D7AF9DE29F4019200E7C9E1 /* Views */ = {
			isa = PBXGroup;
			children = (
				9DA57BFD29F4262000B3BBAE /* AcelanTextField */,
				9DA57BEF29F40ED400B3BBAE /* PrimaryButton.swift */,
				9DA57C0B29F4362F00B3BBAE /* NavigationBar.swift */,
				9DA57C1C29F451F000B3BBAE /* TaskItemView.swift */,
			);
			path = Views;
			sourceTree = "<group>";
		};
		9D7D4D3B29F552F30033B5AF /* Tasks */ = {
			isa = PBXGroup;
			children = (
				9D7D4D3C29F553000033B5AF /* TasksModuleBuilder.swift */,
				9D7D4D3E29F553270033B5AF /* TasksMain */,
			);
			path = Tasks;
			sourceTree = "<group>";
		};
		9D7D4D3E29F553270033B5AF /* TasksMain */ = {
			isa = PBXGroup;
			children = (
				9D7D4D3F29F5533A0033B5AF /* TasksMainPage.swift */,
				9D7D4D4129F553490033B5AF /* TasksMainState.swift */,
				9D7D4D4329F553B30033B5AF /* TasksMainInterceptor.swift */,
				9D7D4D4529F553CD0033B5AF /* TasksMainAction.swift */,
			);
			path = TasksMain;
			sourceTree = "<group>";
		};
		9D7D4D4729F557430033B5AF /* ReusableComponents */ = {
			isa = PBXGroup;
			children = (
				9D7D4D4829F557520033B5AF /* Controllers */,
			);
			path = ReusableComponents;
			sourceTree = "<group>";
		};
		9D7D4D4829F557520033B5AF /* Controllers */ = {
			isa = PBXGroup;
			children = (
				9D7D4D4929F557630033B5AF /* NavigationController.swift */,
			);
			path = Controllers;
			sourceTree = "<group>";
		};
		9DA4A3FF29F5028100A85AF5 /* Decodable */ = {
			isa = PBXGroup;
			children = (
				9DA4A40029F502CC00A85AF5 /* AcelanTaskStatus.swift */,
				9DA4A40229F5097400A85AF5 /* AcelanTask.swift */,
				9DA4A40A29F50C2900A85AF5 /* AcelanTaskArtifact.swift */,
				9DA4A40C29F50EA200A85AF5 /* AcelanTaskFileType.swift */,
			);
			path = Decodable;
			sourceTree = "<group>";
		};
		9DA4A40429F50A2600A85AF5 /* Formatters */ = {
			isa = PBXGroup;
			children = (
				9DA4A40629F50A6100A85AF5 /* AcelanTaskDateFormatter.swift */,
				9DA4A40829F50A9E00A85AF5 /* DateFormatterProtocol.swift */,
			);
			path = Formatters;
			sourceTree = "<group>";
		};
		9DA4A40E29F5114500A85AF5 /* Facades */ = {
			isa = PBXGroup;
			children = (
				9DA4A40F29F5117400A85AF5 /* TaskItem.swift */,
			);
			path = Facades;
			sourceTree = "<group>";
		};
		9DA4A41129F531FA00A85AF5 /* Support */ = {
			isa = PBXGroup;
			children = (
				9DA4A40429F50A2600A85AF5 /* Formatters */,
			);
			path = Support;
			sourceTree = "<group>";
		};
		9DA4A41229F5321100A85AF5 /* Extensions */ = {
			isa = PBXGroup;
			children = (
				9DA4A41329F5321A00A85AF5 /* String.swift */,
				9DA4A41529F5446600A85AF5 /* Int+String.swift */,
			);
			path = Extensions;
			sourceTree = "<group>";
		};
		9DA57BFD29F4262000B3BBAE /* AcelanTextField */ = {
			isa = PBXGroup;
			children = (
				9DA57BFB29F425FD00B3BBAE /* AcelanTextField.swift */,
				9DA57BFE29F4263200B3BBAE /* AcelanTextFieldState.swift */,
			);
			path = AcelanTextField;
			sourceTree = "<group>";
		};
		9DA57C0029F4343F00B3BBAE /* Modules */ = {
			isa = PBXGroup;
			children = (
				9D7D4D3B29F552F30033B5AF /* Tasks */,
				9DA57C0129F434A500B3BBAE /* Login */,
			);
			path = Modules;
			sourceTree = "<group>";
		};
		9DA57C0129F434A500B3BBAE /* Login */ = {
			isa = PBXGroup;
			children = (
				9DA57C0D29F437EE00B3BBAE /* LoginModuleBuilder.swift */,
				9DA57C0229F434AF00B3BBAE /* LoginMain */,
			);
			path = Login;
			sourceTree = "<group>";
		};
		9DA57C0229F434AF00B3BBAE /* LoginMain */ = {
			isa = PBXGroup;
			children = (
				9DA57C0329F434BD00B3BBAE /* LoginMainState.swift */,
				9DA57C0529F4350B00B3BBAE /* LoginMainAction.swift */,
				9DA57C0729F435A200B3BBAE /* LoginMainInterceptor.swift */,
				9DA57C0929F435E800B3BBAE /* LoginMainPage.swift */,
				9DA57C1329F447FB00B3BBAE /* LoginMainScenario.swift */,
				9DA57C1529F4481A00B3BBAE /* LoginMainScenarioProtocol.swift */,
			);
			path = LoginMain;
			sourceTree = "<group>";
		};
		9DA57C0F29F439BC00B3BBAE /* AppConfigurations */ = {
			isa = PBXGroup;
			children = (
				9DA57C1129F439EC00B3BBAE /* DIConfiguration.swift */,
				9DA57C1729F4490C00B3BBAE /* NavigationConfiguration.swift */,
			);
			path = AppConfigurations;
			sourceTree = "<group>";
		};
		9DA57C1E29F4522C00B3BBAE /* Models */ = {
			isa = PBXGroup;
			children = (
				9DA4A40E29F5114500A85AF5 /* Facades */,
				9DA4A3FF29F5028100A85AF5 /* Decodable */,
				9DA57C1F29F4524100B3BBAE /* UI */,
			);
			path = Models;
			sourceTree = "<group>";
		};
		9DA57C1F29F4524100B3BBAE /* UI */ = {
			isa = PBXGroup;
			children = (
				9DA57C2029F4525B00B3BBAE /* TaskItemData.swift */,
			);
			path = UI;
			sourceTree = "<group>";
		};
		9DA9DE0D29E32E74004F8274 /* Resources */ = {
			isa = PBXGroup;
			children = (
				9D5A802229BB9D5900648BA1 /* Assets.xcassets */,
				9DA57BF129F4109700B3BBAE /* ColorResource.swift */,
				9DA57BF329F411D600B3BBAE /* ImageResource.swift */,
			);
			path = Resources;
			sourceTree = "<group>";
		};
/* End PBXGroup section */

/* Begin PBXNativeTarget section */
		9D5A801A29BB9D5300648BA1 /* AcelanProgress */ = {
			isa = PBXNativeTarget;
			buildConfigurationList = 9D5A802929BB9D5900648BA1 /* Build configuration list for PBXNativeTarget "AcelanProgress" */;
			buildPhases = (
				9D5A801729BB9D5300648BA1 /* Sources */,
				9D5A801829BB9D5300648BA1 /* Frameworks */,
				9D5A801929BB9D5300648BA1 /* Resources */,
				9D7AF9D829F400B900E7C9E1 /* Embed Frameworks */,
			);
			buildRules = (
			);
			dependencies = (
			);
			name = AcelanProgress;
			packageProductDependencies = (
				9DA9DE0F29E3338A004F8274 /* StatefulArch */,
				9D7AF9C329F3FC7100E7C9E1 /* SwiftDI */,
				9D7AF9C629F3FCEF00E7C9E1 /* AppConfiguration */,
				9DA57BF929F417C100B3BBAE /* PNComponents */,
			);
			productName = "Acelan-Progress";
			productReference = 9D5A801B29BB9D5300648BA1 /* AcelanProgress.app */;
			productType = "com.apple.product-type.application";
		};
/* End PBXNativeTarget section */

/* Begin PBXProject section */
		9D5A801329BB9D5300648BA1 /* Project object */ = {
			isa = PBXProject;
			attributes = {
				BuildIndependentTargetsInParallel = 1;
				LastSwiftUpdateCheck = 1420;
				LastUpgradeCheck = 1420;
				TargetAttributes = {
					9D5A801A29BB9D5300648BA1 = {
						CreatedOnToolsVersion = 14.2;
					};
				};
			};
			buildConfigurationList = 9D5A801629BB9D5300648BA1 /* Build configuration list for PBXProject "AcelanProgress" */;
			compatibilityVersion = "Xcode 14.0";
			developmentRegion = en;
			hasScannedForEncodings = 0;
			knownRegions = (
				en,
				Base,
			);
			mainGroup = 9D5A801229BB9D5300648BA1;
			packageReferences = (
				9DA9DE0E29E3338A004F8274 /* XCRemoteSwiftPackageReference "StatefulArch" */,
				9D7AF9C229F3FC7100E7C9E1 /* XCRemoteSwiftPackageReference "SwiftDI" */,
				9D7AF9C529F3FCEF00E7C9E1 /* XCRemoteSwiftPackageReference "AppConfiguration" */,
				9DA57BF829F417C100B3BBAE /* XCRemoteSwiftPackageReference "pncomponentns" */,
			);
			productRefGroup = 9D5A801C29BB9D5300648BA1 /* Products */;
			projectDirPath = "";
			projectRoot = "";
			targets = (
				9D5A801A29BB9D5300648BA1 /* AcelanProgress */,
			);
		};
/* End PBXProject section */

/* Begin PBXResourcesBuildPhase section */
		9D5A801929BB9D5300648BA1 /* Resources */ = {
			isa = PBXResourcesBuildPhase;
			buildActionMask = 2147483647;
			files = (
				9D5A802329BB9D5900648BA1 /* Assets.xcassets in Resources */,
			);
			runOnlyForDeploymentPostprocessing = 0;
		};
/* End PBXResourcesBuildPhase section */

/* Begin PBXSourcesBuildPhase section */
		9D5A801729BB9D5300648BA1 /* Sources */ = {
			isa = PBXSourcesBuildPhase;
			buildActionMask = 2147483647;
			files = (
				9DA4A40729F50A6100A85AF5 /* AcelanTaskDateFormatter.swift in Sources */,
				9DA57BF029F40ED400B3BBAE /* PrimaryButton.swift in Sources */,
				9DA57BF229F4109700B3BBAE /* ColorResource.swift in Sources */,
				9DA4A41629F5446600A85AF5 /* Int+String.swift in Sources */,
				9D7D4D4029F5533A0033B5AF /* TasksMainPage.swift in Sources */,
				9DA57BFC29F425FD00B3BBAE /* AcelanTextField.swift in Sources */,
				9DA4A40929F50A9E00A85AF5 /* DateFormatterProtocol.swift in Sources */,
				9DA57BFF29F4263200B3BBAE /* AcelanTextFieldState.swift in Sources */,
				9DA4A40D29F50EA200A85AF5 /* AcelanTaskFileType.swift in Sources */,
				9DA57C0A29F435E800B3BBAE /* LoginMainPage.swift in Sources */,
				9D7D4D4429F553B30033B5AF /* TasksMainInterceptor.swift in Sources */,
				9DA57C0629F4350B00B3BBAE /* LoginMainAction.swift in Sources */,
				9DA57C0E29F437EE00B3BBAE /* LoginModuleBuilder.swift in Sources */,
				9D5A801F29BB9D5300648BA1 /* AcelanProgressApp.swift in Sources */,
				9DA57C1429F447FB00B3BBAE /* LoginMainScenario.swift in Sources */,
				9DA57C2129F4525B00B3BBAE /* TaskItemData.swift in Sources */,
				9DA57C1229F439EC00B3BBAE /* DIConfiguration.swift in Sources */,
				9DA4A41429F5321A00A85AF5 /* String.swift in Sources */,
				9DA57C1D29F451F000B3BBAE /* TaskItemView.swift in Sources */,
				9DA57C0429F434BD00B3BBAE /* LoginMainState.swift in Sources */,
				9D7D4D3D29F553000033B5AF /* TasksModuleBuilder.swift in Sources */,
				9DA57C0829F435A200B3BBAE /* LoginMainInterceptor.swift in Sources */,
				9D7D4D4A29F557630033B5AF /* NavigationController.swift in Sources */,
				9DA57BF429F411D600B3BBAE /* ImageResource.swift in Sources */,
				9DA4A40129F502CC00A85AF5 /* AcelanTaskStatus.swift in Sources */,
				9DA57C1829F4490C00B3BBAE /* NavigationConfiguration.swift in Sources */,
				9D7D4D4629F553CD0033B5AF /* TasksMainAction.swift in Sources */,
				9DA57C1629F4481A00B3BBAE /* LoginMainScenarioProtocol.swift in Sources */,
				9D7D4D4229F553490033B5AF /* TasksMainState.swift in Sources */,
				9DA4A41029F5117400A85AF5 /* TaskItem.swift in Sources */,
				9DA4A40B29F50C2900A85AF5 /* AcelanTaskArtifact.swift in Sources */,
				9DA4A40329F5097400A85AF5 /* AcelanTask.swift in Sources */,
				9DA57C0C29F4362F00B3BBAE /* NavigationBar.swift in Sources */,
			);
			runOnlyForDeploymentPostprocessing = 0;
		};
/* End PBXSourcesBuildPhase section */

/* Begin XCBuildConfiguration section */
		9D5A802729BB9D5900648BA1 /* Debug */ = {
			isa = XCBuildConfiguration;
			buildSettings = {
				ALWAYS_SEARCH_USER_PATHS = NO;
				CLANG_ANALYZER_NONNULL = YES;
				CLANG_ANALYZER_NUMBER_OBJECT_CONVERSION = YES_AGGRESSIVE;
				CLANG_CXX_LANGUAGE_STANDARD = "gnu++20";
				CLANG_ENABLE_MODULES = YES;
				CLANG_ENABLE_OBJC_ARC = YES;
				CLANG_ENABLE_OBJC_WEAK = YES;
				CLANG_WARN_BLOCK_CAPTURE_AUTORELEASING = YES;
				CLANG_WARN_BOOL_CONVERSION = YES;
				CLANG_WARN_COMMA = YES;
				CLANG_WARN_CONSTANT_CONVERSION = YES;
				CLANG_WARN_DEPRECATED_OBJC_IMPLEMENTATIONS = YES;
				CLANG_WARN_DIRECT_OBJC_ISA_USAGE = YES_ERROR;
				CLANG_WARN_DOCUMENTATION_COMMENTS = YES;
				CLANG_WARN_EMPTY_BODY = YES;
				CLANG_WARN_ENUM_CONVERSION = YES;
				CLANG_WARN_INFINITE_RECURSION = YES;
				CLANG_WARN_INT_CONVERSION = YES;
				CLANG_WARN_NON_LITERAL_NULL_CONVERSION = YES;
				CLANG_WARN_OBJC_IMPLICIT_RETAIN_SELF = YES;
				CLANG_WARN_OBJC_LITERAL_CONVERSION = YES;
				CLANG_WARN_OBJC_ROOT_CLASS = YES_ERROR;
				CLANG_WARN_QUOTED_INCLUDE_IN_FRAMEWORK_HEADER = YES;
				CLANG_WARN_RANGE_LOOP_ANALYSIS = YES;
				CLANG_WARN_STRICT_PROTOTYPES = YES;
				CLANG_WARN_SUSPICIOUS_MOVE = YES;
				CLANG_WARN_UNGUARDED_AVAILABILITY = YES_AGGRESSIVE;
				CLANG_WARN_UNREACHABLE_CODE = YES;
				CLANG_WARN__DUPLICATE_METHOD_MATCH = YES;
				COPY_PHASE_STRIP = NO;
				DEBUG_INFORMATION_FORMAT = dwarf;
				ENABLE_STRICT_OBJC_MSGSEND = YES;
				ENABLE_TESTABILITY = YES;
				GCC_C_LANGUAGE_STANDARD = gnu11;
				GCC_DYNAMIC_NO_PIC = NO;
				GCC_NO_COMMON_BLOCKS = YES;
				GCC_OPTIMIZATION_LEVEL = 0;
				GCC_PREPROCESSOR_DEFINITIONS = (
					"DEBUG=1",
					"$(inherited)",
				);
				GCC_WARN_64_TO_32_BIT_CONVERSION = YES;
				GCC_WARN_ABOUT_RETURN_TYPE = YES_ERROR;
				GCC_WARN_UNDECLARED_SELECTOR = YES;
				GCC_WARN_UNINITIALIZED_AUTOS = YES_AGGRESSIVE;
				GCC_WARN_UNUSED_FUNCTION = YES;
				GCC_WARN_UNUSED_VARIABLE = YES;
				IPHONEOS_DEPLOYMENT_TARGET = 14.0;
				MTL_ENABLE_DEBUG_INFO = INCLUDE_SOURCE;
				MTL_FAST_MATH = YES;
				ONLY_ACTIVE_ARCH = YES;
				SDKROOT = iphoneos;
				SWIFT_ACTIVE_COMPILATION_CONDITIONS = DEBUG;
				SWIFT_OPTIMIZATION_LEVEL = "-Onone";
			};
			name = Debug;
		};
		9D5A802829BB9D5900648BA1 /* Release */ = {
			isa = XCBuildConfiguration;
			buildSettings = {
				ALWAYS_SEARCH_USER_PATHS = NO;
				CLANG_ANALYZER_NONNULL = YES;
				CLANG_ANALYZER_NUMBER_OBJECT_CONVERSION = YES_AGGRESSIVE;
				CLANG_CXX_LANGUAGE_STANDARD = "gnu++20";
				CLANG_ENABLE_MODULES = YES;
				CLANG_ENABLE_OBJC_ARC = YES;
				CLANG_ENABLE_OBJC_WEAK = YES;
				CLANG_WARN_BLOCK_CAPTURE_AUTORELEASING = YES;
				CLANG_WARN_BOOL_CONVERSION = YES;
				CLANG_WARN_COMMA = YES;
				CLANG_WARN_CONSTANT_CONVERSION = YES;
				CLANG_WARN_DEPRECATED_OBJC_IMPLEMENTATIONS = YES;
				CLANG_WARN_DIRECT_OBJC_ISA_USAGE = YES_ERROR;
				CLANG_WARN_DOCUMENTATION_COMMENTS = YES;
				CLANG_WARN_EMPTY_BODY = YES;
				CLANG_WARN_ENUM_CONVERSION = YES;
				CLANG_WARN_INFINITE_RECURSION = YES;
				CLANG_WARN_INT_CONVERSION = YES;
				CLANG_WARN_NON_LITERAL_NULL_CONVERSION = YES;
				CLANG_WARN_OBJC_IMPLICIT_RETAIN_SELF = YES;
				CLANG_WARN_OBJC_LITERAL_CONVERSION = YES;
				CLANG_WARN_OBJC_ROOT_CLASS = YES_ERROR;
				CLANG_WARN_QUOTED_INCLUDE_IN_FRAMEWORK_HEADER = YES;
				CLANG_WARN_RANGE_LOOP_ANALYSIS = YES;
				CLANG_WARN_STRICT_PROTOTYPES = YES;
				CLANG_WARN_SUSPICIOUS_MOVE = YES;
				CLANG_WARN_UNGUARDED_AVAILABILITY = YES_AGGRESSIVE;
				CLANG_WARN_UNREACHABLE_CODE = YES;
				CLANG_WARN__DUPLICATE_METHOD_MATCH = YES;
				COPY_PHASE_STRIP = NO;
				DEBUG_INFORMATION_FORMAT = "dwarf-with-dsym";
				ENABLE_NS_ASSERTIONS = NO;
				ENABLE_STRICT_OBJC_MSGSEND = YES;
				GCC_C_LANGUAGE_STANDARD = gnu11;
				GCC_NO_COMMON_BLOCKS = YES;
				GCC_WARN_64_TO_32_BIT_CONVERSION = YES;
				GCC_WARN_ABOUT_RETURN_TYPE = YES_ERROR;
				GCC_WARN_UNDECLARED_SELECTOR = YES;
				GCC_WARN_UNINITIALIZED_AUTOS = YES_AGGRESSIVE;
				GCC_WARN_UNUSED_FUNCTION = YES;
				GCC_WARN_UNUSED_VARIABLE = YES;
				IPHONEOS_DEPLOYMENT_TARGET = 14.0;
				MTL_ENABLE_DEBUG_INFO = NO;
				MTL_FAST_MATH = YES;
				SDKROOT = iphoneos;
				SWIFT_COMPILATION_MODE = wholemodule;
				SWIFT_OPTIMIZATION_LEVEL = "-O";
				VALIDATE_PRODUCT = YES;
			};
			name = Release;
		};
		9D5A802A29BB9D5900648BA1 /* Debug */ = {
			isa = XCBuildConfiguration;
			buildSettings = {
				ASSETCATALOG_COMPILER_APPICON_NAME = AppIcon;
				CODE_SIGN_STYLE = Automatic;
				CURRENT_PROJECT_VERSION = 1;
				DEVELOPMENT_TEAM = 24X4EL2BCS;
				ENABLE_PREVIEWS = YES;
				INFOPLIST_FILE = AcelanProgress/Resources/Info.plist;
				INFOPLIST_KEY_CFBundleDisplayName = "Acelan Progress";
				INFOPLIST_KEY_UIApplicationSceneManifest_Generation = YES;
				INFOPLIST_KEY_UIApplicationSupportsIndirectInputEvents = YES;
				INFOPLIST_KEY_UILaunchScreen_Generation = YES;
				INFOPLIST_KEY_UISupportedInterfaceOrientations = UIInterfaceOrientationPortrait;
				INFOPLIST_KEY_UISupportedInterfaceOrientations_iPad = "UIInterfaceOrientationLandscapeLeft UIInterfaceOrientationLandscapeRight UIInterfaceOrientationPortrait UIInterfaceOrientationPortraitUpsideDown";
				INFOPLIST_KEY_UIUserInterfaceStyle = Light;
				IPHONEOS_DEPLOYMENT_TARGET = 14.0;
				LD_RUNPATH_SEARCH_PATHS = (
					"$(inherited)",
					"@executable_path/Frameworks",
				);
				MARKETING_VERSION = 1.0;
				PRODUCT_BUNDLE_IDENTIFIER = ru.sfedu.mmcs.AcelanProgress;
				PRODUCT_NAME = "$(TARGET_NAME)";
				SUPPORTED_PLATFORMS = "iphoneos iphonesimulator";
				SUPPORTS_MACCATALYST = NO;
				SUPPORTS_MAC_DESIGNED_FOR_IPHONE_IPAD = NO;
				SWIFT_EMIT_LOC_STRINGS = YES;
				SWIFT_VERSION = 5.0;
				TARGETED_DEVICE_FAMILY = 1;
			};
			name = Debug;
		};
		9D5A802B29BB9D5900648BA1 /* Release */ = {
			isa = XCBuildConfiguration;
			buildSettings = {
				ASSETCATALOG_COMPILER_APPICON_NAME = AppIcon;
				CODE_SIGN_STYLE = Automatic;
				CURRENT_PROJECT_VERSION = 1;
				DEVELOPMENT_TEAM = 24X4EL2BCS;
				ENABLE_PREVIEWS = YES;
				INFOPLIST_FILE = AcelanProgress/Resources/Info.plist;
				INFOPLIST_KEY_CFBundleDisplayName = "Acelan Progress";
				INFOPLIST_KEY_UIApplicationSceneManifest_Generation = YES;
				INFOPLIST_KEY_UIApplicationSupportsIndirectInputEvents = YES;
				INFOPLIST_KEY_UILaunchScreen_Generation = YES;
				INFOPLIST_KEY_UISupportedInterfaceOrientations = UIInterfaceOrientationPortrait;
				INFOPLIST_KEY_UISupportedInterfaceOrientations_iPad = "UIInterfaceOrientationLandscapeLeft UIInterfaceOrientationLandscapeRight UIInterfaceOrientationPortrait UIInterfaceOrientationPortraitUpsideDown";
				INFOPLIST_KEY_UIUserInterfaceStyle = Light;
				IPHONEOS_DEPLOYMENT_TARGET = 14.0;
				LD_RUNPATH_SEARCH_PATHS = (
					"$(inherited)",
					"@executable_path/Frameworks",
				);
				MARKETING_VERSION = 1.0;
				PRODUCT_BUNDLE_IDENTIFIER = ru.sfedu.mmcs.AcelanProgress;
				PRODUCT_NAME = "$(TARGET_NAME)";
				SUPPORTED_PLATFORMS = "iphoneos iphonesimulator";
				SUPPORTS_MACCATALYST = NO;
				SUPPORTS_MAC_DESIGNED_FOR_IPHONE_IPAD = NO;
				SWIFT_EMIT_LOC_STRINGS = YES;
				SWIFT_VERSION = 5.0;
				TARGETED_DEVICE_FAMILY = 1;
			};
			name = Release;
		};
/* End XCBuildConfiguration section */

/* Begin XCConfigurationList section */
		9D5A801629BB9D5300648BA1 /* Build configuration list for PBXProject "AcelanProgress" */ = {
			isa = XCConfigurationList;
			buildConfigurations = (
				9D5A802729BB9D5900648BA1 /* Debug */,
				9D5A802829BB9D5900648BA1 /* Release */,
			);
			defaultConfigurationIsVisible = 0;
			defaultConfigurationName = Release;
		};
		9D5A802929BB9D5900648BA1 /* Build configuration list for PBXNativeTarget "AcelanProgress" */ = {
			isa = XCConfigurationList;
			buildConfigurations = (
				9D5A802A29BB9D5900648BA1 /* Debug */,
				9D5A802B29BB9D5900648BA1 /* Release */,
			);
			defaultConfigurationIsVisible = 0;
			defaultConfigurationName = Release;
		};
/* End XCConfigurationList section */

/* Begin XCRemoteSwiftPackageReference section */
		9D7AF9C229F3FC7100E7C9E1 /* XCRemoteSwiftPackageReference "SwiftDI" */ = {
			isa = XCRemoteSwiftPackageReference;
			repositoryURL = "https://github.com/purenative/SwiftDI.git";
			requirement = {
				kind = upToNextMajorVersion;
				minimumVersion = 0.0.2;
			};
		};
		9D7AF9C529F3FCEF00E7C9E1 /* XCRemoteSwiftPackageReference "AppConfiguration" */ = {
			isa = XCRemoteSwiftPackageReference;
			repositoryURL = "https://github.com/purenative/AppConfiguration.git";
			requirement = {
				kind = upToNextMajorVersion;
				minimumVersion = 0.0.1;
			};
		};
		9DA57BF829F417C100B3BBAE /* XCRemoteSwiftPackageReference "pncomponentns" */ = {
			isa = XCRemoteSwiftPackageReference;
			repositoryURL = "https://github.com/purenative/pncomponentns.git";
			requirement = {
				branch = main;
				kind = branch;
			};
		};
		9DA9DE0E29E3338A004F8274 /* XCRemoteSwiftPackageReference "StatefulArch" */ = {
			isa = XCRemoteSwiftPackageReference;
			repositoryURL = "https://github.com/purenative/StatefulArch";
			requirement = {
				kind = upToNextMajorVersion;
				minimumVersion = 0.1.1;
			};
		};
/* End XCRemoteSwiftPackageReference section */

/* Begin XCSwiftPackageProductDependency section */
		9D7AF9C329F3FC7100E7C9E1 /* SwiftDI */ = {
			isa = XCSwiftPackageProductDependency;
			package = 9D7AF9C229F3FC7100E7C9E1 /* XCRemoteSwiftPackageReference "SwiftDI" */;
			productName = SwiftDI;
		};
		9D7AF9C629F3FCEF00E7C9E1 /* AppConfiguration */ = {
			isa = XCSwiftPackageProductDependency;
			package = 9D7AF9C529F3FCEF00E7C9E1 /* XCRemoteSwiftPackageReference "AppConfiguration" */;
			productName = AppConfiguration;
		};
		9DA57BF929F417C100B3BBAE /* PNComponents */ = {
			isa = XCSwiftPackageProductDependency;
			package = 9DA57BF829F417C100B3BBAE /* XCRemoteSwiftPackageReference "pncomponentns" */;
			productName = PNComponents;
		};
		9DA9DE0F29E3338A004F8274 /* StatefulArch */ = {
			isa = XCSwiftPackageProductDependency;
			package = 9DA9DE0E29E3338A004F8274 /* XCRemoteSwiftPackageReference "StatefulArch" */;
			productName = StatefulArch;
		};
/* End XCSwiftPackageProductDependency section */
	};
	rootObject = 9D5A801329BB9D5300648BA1 /* Project object */;
}
