// !$*UTF8*$!
{
	archiveVersion = 1;
	classes = {
	};
	objectVersion = 56;
	objects = {

/* Begin PBXBuildFile section */
		9D5A801F29BB9D5300648BA1 /* AcelanProgressApp.swift in Sources */ = {isa = PBXBuildFile; fileRef = 9D5A801E29BB9D5300648BA1 /* AcelanProgressApp.swift */; };
		9D5A802129BB9D5300648BA1 /* ContentView.swift in Sources */ = {isa = PBXBuildFile; fileRef = 9D5A802029BB9D5300648BA1 /* ContentView.swift */; };
		9D5A802329BB9D5900648BA1 /* Assets.xcassets in Resources */ = {isa = PBXBuildFile; fileRef = 9D5A802229BB9D5900648BA1 /* Assets.xcassets */; };
		9D7AF9C429F3FC7100E7C9E1 /* SwiftDI in Frameworks */ = {isa = PBXBuildFile; productRef = 9D7AF9C329F3FC7100E7C9E1 /* SwiftDI */; };
		9D7AF9C729F3FCEF00E7C9E1 /* AppConfiguration in Frameworks */ = {isa = PBXBuildFile; productRef = 9D7AF9C629F3FCEF00E7C9E1 /* AppConfiguration */; };
		9DA57BF029F40ED400B3BBAE /* PrimaryButton.swift in Sources */ = {isa = PBXBuildFile; fileRef = 9DA57BEF29F40ED400B3BBAE /* PrimaryButton.swift */; };
		9DA57BF229F4109700B3BBAE /* ColorResource.swift in Sources */ = {isa = PBXBuildFile; fileRef = 9DA57BF129F4109700B3BBAE /* ColorResource.swift */; };
		9DA57BF429F411D600B3BBAE /* ImageResource.swift in Sources */ = {isa = PBXBuildFile; fileRef = 9DA57BF329F411D600B3BBAE /* ImageResource.swift */; };
		9DA57BF729F415C900B3BBAE /* TextInput.swift in Sources */ = {isa = PBXBuildFile; fileRef = 9DA57BF629F415C900B3BBAE /* TextInput.swift */; };
		9DA57BFA29F417C100B3BBAE /* PNComponents in Frameworks */ = {isa = PBXBuildFile; productRef = 9DA57BF929F417C100B3BBAE /* PNComponents */; };
		9DA9DE1029E3338A004F8274 /* StatefulArch in Frameworks */ = {isa = PBXBuildFile; productRef = 9DA9DE0F29E3338A004F8274 /* StatefulArch */; };
/* End PBXBuildFile section */

/* Begin PBXCopyFilesBuildPhase section */
		9D7AF9D829F400B900E7C9E1 /* Embed Frameworks */ = {
			isa = PBXCopyFilesBuildPhase;
			buildActionMask = 2147483647;
			dstPath = "";
			dstSubfolderSpec = 10;
			files = (
			);
			name = "Embed Frameworks";
			runOnlyForDeploymentPostprocessing = 0;
		};
/* End PBXCopyFilesBuildPhase section */

/* Begin PBXFileReference section */
		9D5A801B29BB9D5300648BA1 /* AcelanProgress.app */ = {isa = PBXFileReference; explicitFileType = wrapper.application; includeInIndex = 0; path = AcelanProgress.app; sourceTree = BUILT_PRODUCTS_DIR; };
		9D5A801E29BB9D5300648BA1 /* AcelanProgressApp.swift */ = {isa = PBXFileReference; lastKnownFileType = sourcecode.swift; path = AcelanProgressApp.swift; sourceTree = "<group>"; };
		9D5A802029BB9D5300648BA1 /* ContentView.swift */ = {isa = PBXFileReference; lastKnownFileType = sourcecode.swift; path = ContentView.swift; sourceTree = "<group>"; };
		9D5A802229BB9D5900648BA1 /* Assets.xcassets */ = {isa = PBXFileReference; lastKnownFileType = folder.assetcatalog; path = Assets.xcassets; sourceTree = "<group>"; };
		9DA57BEF29F40ED400B3BBAE /* PrimaryButton.swift */ = {isa = PBXFileReference; lastKnownFileType = sourcecode.swift; path = PrimaryButton.swift; sourceTree = "<group>"; };
		9DA57BF129F4109700B3BBAE /* ColorResource.swift */ = {isa = PBXFileReference; lastKnownFileType = sourcecode.swift; path = ColorResource.swift; sourceTree = "<group>"; };
		9DA57BF329F411D600B3BBAE /* ImageResource.swift */ = {isa = PBXFileReference; lastKnownFileType = sourcecode.swift; path = ImageResource.swift; sourceTree = "<group>"; };
		9DA57BF629F415C900B3BBAE /* TextInput.swift */ = {isa = PBXFileReference; lastKnownFileType = sourcecode.swift; path = TextInput.swift; sourceTree = "<group>"; };
/* End PBXFileReference section */

/* Begin PBXFrameworksBuildPhase section */
		9D5A801829BB9D5300648BA1 /* Frameworks */ = {
			isa = PBXFrameworksBuildPhase;
			buildActionMask = 2147483647;
			files = (
				9DA57BFA29F417C100B3BBAE /* PNComponents in Frameworks */,
				9DA9DE1029E3338A004F8274 /* StatefulArch in Frameworks */,
				9D7AF9C429F3FC7100E7C9E1 /* SwiftDI in Frameworks */,
				9D7AF9C729F3FCEF00E7C9E1 /* AppConfiguration in Frameworks */,
			);
			runOnlyForDeploymentPostprocessing = 0;
		};
/* End PBXFrameworksBuildPhase section */

/* Begin PBXGroup section */
		9D5A801229BB9D5300648BA1 = {
			isa = PBXGroup;
			children = (
				9D5A801D29BB9D5300648BA1 /* AcelanProgress */,
				9D5A801C29BB9D5300648BA1 /* Products */,
			);
			sourceTree = "<group>";
		};
		9D5A801C29BB9D5300648BA1 /* Products */ = {
			isa = PBXGroup;
			children = (
				9D5A801B29BB9D5300648BA1 /* AcelanProgress.app */,
			);
			name = Products;
			sourceTree = "<group>";
		};
		9D5A801D29BB9D5300648BA1 /* AcelanProgress */ = {
			isa = PBXGroup;
			children = (
				9D7AF9DE29F4019200E7C9E1 /* Views */,
				9DA9DE0D29E32E74004F8274 /* Resources */,
				9D5A801E29BB9D5300648BA1 /* AcelanProgressApp.swift */,
				9D5A802029BB9D5300648BA1 /* ContentView.swift */,
			);
			path = AcelanProgress;
			sourceTree = "<group>";
		};
		9D7AF9DE29F4019200E7C9E1 /* Views */ = {
			isa = PBXGroup;
			children = (
				9DA57BEF29F40ED400B3BBAE /* PrimaryButton.swift */,
				9DA57BF629F415C900B3BBAE /* TextInput.swift */,
			);
			path = Views;
			sourceTree = "<group>";
		};
		9DA9DE0D29E32E74004F8274 /* Resources */ = {
			isa = PBXGroup;
			children = (
				9D5A802229BB9D5900648BA1 /* Assets.xcassets */,
				9DA57BF129F4109700B3BBAE /* ColorResource.swift */,
				9DA57BF329F411D600B3BBAE /* ImageResource.swift */,
			);
			path = Resources;
			sourceTree = "<group>";
		};
/* End PBXGroup section */

/* Begin PBXNativeTarget section */
		9D5A801A29BB9D5300648BA1 /* AcelanProgress */ = {
			isa = PBXNativeTarget;
			buildConfigurationList = 9D5A802929BB9D5900648BA1 /* Build configuration list for PBXNativeTarget "AcelanProgress" */;
			buildPhases = (
				9D5A801729BB9D5300648BA1 /* Sources */,
				9D5A801829BB9D5300648BA1 /* Frameworks */,
				9D5A801929BB9D5300648BA1 /* Resources */,
				9D7AF9D829F400B900E7C9E1 /* Embed Frameworks */,
			);
			buildRules = (
			);
			dependencies = (
			);
			name = AcelanProgress;
			packageProductDependencies = (
				9DA9DE0F29E3338A004F8274 /* StatefulArch */,
				9D7AF9C329F3FC7100E7C9E1 /* SwiftDI */,
				9D7AF9C629F3FCEF00E7C9E1 /* AppConfiguration */,
				9DA57BF929F417C100B3BBAE /* PNComponents */,
			);
			productName = "Acelan-Progress";
			productReference = 9D5A801B29BB9D5300648BA1 /* AcelanProgress.app */;
			productType = "com.apple.product-type.application";
		};
/* End PBXNativeTarget section */

/* Begin PBXProject section */
		9D5A801329BB9D5300648BA1 /* Project object */ = {
			isa = PBXProject;
			attributes = {
				BuildIndependentTargetsInParallel = 1;
				LastSwiftUpdateCheck = 1420;
				LastUpgradeCheck = 1420;
				TargetAttributes = {
					9D5A801A29BB9D5300648BA1 = {
						CreatedOnToolsVersion = 14.2;
					};
				};
			};
			buildConfigurationList = 9D5A801629BB9D5300648BA1 /* Build configuration list for PBXProject "AcelanProgress" */;
			compatibilityVersion = "Xcode 14.0";
			developmentRegion = en;
			hasScannedForEncodings = 0;
			knownRegions = (
				en,
				Base,
			);
			mainGroup = 9D5A801229BB9D5300648BA1;
			packageReferences = (
				9DA9DE0E29E3338A004F8274 /* XCRemoteSwiftPackageReference "StatefulArch" */,
				9D7AF9C229F3FC7100E7C9E1 /* XCRemoteSwiftPackageReference "SwiftDI" */,
				9D7AF9C529F3FCEF00E7C9E1 /* XCRemoteSwiftPackageReference "AppConfiguration" */,
				9DA57BF829F417C100B3BBAE /* XCRemoteSwiftPackageReference "pncomponentns" */,
			);
			productRefGroup = 9D5A801C29BB9D5300648BA1 /* Products */;
			projectDirPath = "";
			projectRoot = "";
			targets = (
				9D5A801A29BB9D5300648BA1 /* AcelanProgress */,
			);
		};
/* End PBXProject section */

/* Begin PBXResourcesBuildPhase section */
		9D5A801929BB9D5300648BA1 /* Resources */ = {
			isa = PBXResourcesBuildPhase;
			buildActionMask = 2147483647;
			files = (
				9D5A802329BB9D5900648BA1 /* Assets.xcassets in Resources */,
			);
			runOnlyForDeploymentPostprocessing = 0;
		};
/* End PBXResourcesBuildPhase section */

/* Begin PBXSourcesBuildPhase section */
		9D5A801729BB9D5300648BA1 /* Sources */ = {
			isa = PBXSourcesBuildPhase;
			buildActionMask = 2147483647;
			files = (
				9DA57BF029F40ED400B3BBAE /* PrimaryButton.swift in Sources */,
				9DA57BF229F4109700B3BBAE /* ColorResource.swift in Sources */,
				9D5A802129BB9D5300648BA1 /* ContentView.swift in Sources */,
				9D5A801F29BB9D5300648BA1 /* AcelanProgressApp.swift in Sources */,
				9DA57BF429F411D600B3BBAE /* ImageResource.swift in Sources */,
				9DA57BF729F415C900B3BBAE /* TextInput.swift in Sources */,
			);
			runOnlyForDeploymentPostprocessing = 0;
		};
/* End PBXSourcesBuildPhase section */

/* Begin XCBuildConfiguration section */
		9D5A802729BB9D5900648BA1 /* Debug */ = {
			isa = XCBuildConfiguration;
			buildSettings = {
				ALWAYS_SEARCH_USER_PATHS = NO;
				CLANG_ANALYZER_NONNULL = YES;
				CLANG_ANALYZER_NUMBER_OBJECT_CONVERSION = YES_AGGRESSIVE;
				CLANG_CXX_LANGUAGE_STANDARD = "gnu++20";
				CLANG_ENABLE_MODULES = YES;
				CLANG_ENABLE_OBJC_ARC = YES;
				CLANG_ENABLE_OBJC_WEAK = YES;
				CLANG_WARN_BLOCK_CAPTURE_AUTORELEASING = YES;
				CLANG_WARN_BOOL_CONVERSION = YES;
				CLANG_WARN_COMMA = YES;
				CLANG_WARN_CONSTANT_CONVERSION = YES;
				CLANG_WARN_DEPRECATED_OBJC_IMPLEMENTATIONS = YES;
				CLANG_WARN_DIRECT_OBJC_ISA_USAGE = YES_ERROR;
				CLANG_WARN_DOCUMENTATION_COMMENTS = YES;
				CLANG_WARN_EMPTY_BODY = YES;
				CLANG_WARN_ENUM_CONVERSION = YES;
				CLANG_WARN_INFINITE_RECURSION = YES;
				CLANG_WARN_INT_CONVERSION = YES;
				CLANG_WARN_NON_LITERAL_NULL_CONVERSION = YES;
				CLANG_WARN_OBJC_IMPLICIT_RETAIN_SELF = YES;
				CLANG_WARN_OBJC_LITERAL_CONVERSION = YES;
				CLANG_WARN_OBJC_ROOT_CLASS = YES_ERROR;
				CLANG_WARN_QUOTED_INCLUDE_IN_FRAMEWORK_HEADER = YES;
				CLANG_WARN_RANGE_LOOP_ANALYSIS = YES;
				CLANG_WARN_STRICT_PROTOTYPES = YES;
				CLANG_WARN_SUSPICIOUS_MOVE = YES;
				CLANG_WARN_UNGUARDED_AVAILABILITY = YES_AGGRESSIVE;
				CLANG_WARN_UNREACHABLE_CODE = YES;
				CLANG_WARN__DUPLICATE_METHOD_MATCH = YES;
				COPY_PHASE_STRIP = NO;
				DEBUG_INFORMATION_FORMAT = dwarf;
				ENABLE_STRICT_OBJC_MSGSEND = YES;
				ENABLE_TESTABILITY = YES;
				GCC_C_LANGUAGE_STANDARD = gnu11;
				GCC_DYNAMIC_NO_PIC = NO;
				GCC_NO_COMMON_BLOCKS = YES;
				GCC_OPTIMIZATION_LEVEL = 0;
				GCC_PREPROCESSOR_DEFINITIONS = (
					"DEBUG=1",
					"$(inherited)",
				);
				GCC_WARN_64_TO_32_BIT_CONVERSION = YES;
				GCC_WARN_ABOUT_RETURN_TYPE = YES_ERROR;
				GCC_WARN_UNDECLARED_SELECTOR = YES;
				GCC_WARN_UNINITIALIZED_AUTOS = YES_AGGRESSIVE;
				GCC_WARN_UNUSED_FUNCTION = YES;
				GCC_WARN_UNUSED_VARIABLE = YES;
				IPHONEOS_DEPLOYMENT_TARGET = 14.5;
				MTL_ENABLE_DEBUG_INFO = INCLUDE_SOURCE;
				MTL_FAST_MATH = YES;
				ONLY_ACTIVE_ARCH = YES;
				SDKROOT = iphoneos;
				SWIFT_ACTIVE_COMPILATION_CONDITIONS = DEBUG;
				SWIFT_OPTIMIZATION_LEVEL = "-Onone";
			};
			name = Debug;
		};
		9D5A802829BB9D5900648BA1 /* Release */ = {
			isa = XCBuildConfiguration;
			buildSettings = {
				ALWAYS_SEARCH_USER_PATHS = NO;
				CLANG_ANALYZER_NONNULL = YES;
				CLANG_ANALYZER_NUMBER_OBJECT_CONVERSION = YES_AGGRESSIVE;
				CLANG_CXX_LANGUAGE_STANDARD = "gnu++20";
				CLANG_ENABLE_MODULES = YES;
				CLANG_ENABLE_OBJC_ARC = YES;
				CLANG_ENABLE_OBJC_WEAK = YES;
				CLANG_WARN_BLOCK_CAPTURE_AUTORELEASING = YES;
				CLANG_WARN_BOOL_CONVERSION = YES;
				CLANG_WARN_COMMA = YES;
				CLANG_WARN_CONSTANT_CONVERSION = YES;
				CLANG_WARN_DEPRECATED_OBJC_IMPLEMENTATIONS = YES;
				CLANG_WARN_DIRECT_OBJC_ISA_USAGE = YES_ERROR;
				CLANG_WARN_DOCUMENTATION_COMMENTS = YES;
				CLANG_WARN_EMPTY_BODY = YES;
				CLANG_WARN_ENUM_CONVERSION = YES;
				CLANG_WARN_INFINITE_RECURSION = YES;
				CLANG_WARN_INT_CONVERSION = YES;
				CLANG_WARN_NON_LITERAL_NULL_CONVERSION = YES;
				CLANG_WARN_OBJC_IMPLICIT_RETAIN_SELF = YES;
				CLANG_WARN_OBJC_LITERAL_CONVERSION = YES;
				CLANG_WARN_OBJC_ROOT_CLASS = YES_ERROR;
				CLANG_WARN_QUOTED_INCLUDE_IN_FRAMEWORK_HEADER = YES;
				CLANG_WARN_RANGE_LOOP_ANALYSIS = YES;
				CLANG_WARN_STRICT_PROTOTYPES = YES;
				CLANG_WARN_SUSPICIOUS_MOVE = YES;
				CLANG_WARN_UNGUARDED_AVAILABILITY = YES_AGGRESSIVE;
				CLANG_WARN_UNREACHABLE_CODE = YES;
				CLANG_WARN__DUPLICATE_METHOD_MATCH = YES;
				COPY_PHASE_STRIP = NO;
				DEBUG_INFORMATION_FORMAT = "dwarf-with-dsym";
				ENABLE_NS_ASSERTIONS = NO;
				ENABLE_STRICT_OBJC_MSGSEND = YES;
				GCC_C_LANGUAGE_STANDARD = gnu11;
				GCC_NO_COMMON_BLOCKS = YES;
				GCC_WARN_64_TO_32_BIT_CONVERSION = YES;
				GCC_WARN_ABOUT_RETURN_TYPE = YES_ERROR;
				GCC_WARN_UNDECLARED_SELECTOR = YES;
				GCC_WARN_UNINITIALIZED_AUTOS = YES_AGGRESSIVE;
				GCC_WARN_UNUSED_FUNCTION = YES;
				GCC_WARN_UNUSED_VARIABLE = YES;
				IPHONEOS_DEPLOYMENT_TARGET = 14.5;
				MTL_ENABLE_DEBUG_INFO = NO;
				MTL_FAST_MATH = YES;
				SDKROOT = iphoneos;
				SWIFT_COMPILATION_MODE = wholemodule;
				SWIFT_OPTIMIZATION_LEVEL = "-O";
				VALIDATE_PRODUCT = YES;
			};
			name = Release;
		};
		9D5A802A29BB9D5900648BA1 /* Debug */ = {
			isa = XCBuildConfiguration;
			buildSettings = {
				ASSETCATALOG_COMPILER_APPICON_NAME = AppIcon;
				ASSETCATALOG_COMPILER_GLOBAL_ACCENT_COLOR_NAME = AccentColor;
				CODE_SIGN_STYLE = Automatic;
				CURRENT_PROJECT_VERSION = 1;
				DEVELOPMENT_TEAM = 24X4EL2BCS;
				ENABLE_PREVIEWS = YES;
				GENERATE_INFOPLIST_FILE = YES;
				INFOPLIST_KEY_CFBundleDisplayName = "Acelan Progress";
				INFOPLIST_KEY_UIApplicationSceneManifest_Generation = YES;
				INFOPLIST_KEY_UIApplicationSupportsIndirectInputEvents = YES;
				INFOPLIST_KEY_UILaunchScreen_Generation = YES;
				INFOPLIST_KEY_UISupportedInterfaceOrientations = UIInterfaceOrientationPortrait;
				INFOPLIST_KEY_UISupportedInterfaceOrientations_iPad = "UIInterfaceOrientationLandscapeLeft UIInterfaceOrientationLandscapeRight UIInterfaceOrientationPortrait UIInterfaceOrientationPortraitUpsideDown";
				IPHONEOS_DEPLOYMENT_TARGET = 14.5;
				LD_RUNPATH_SEARCH_PATHS = (
					"$(inherited)",
					"@executable_path/Frameworks",
				);
				MARKETING_VERSION = 1.0;
				PRODUCT_BUNDLE_IDENTIFIER = "ru.sfedu.mmcs.Acelan-Progress";
				PRODUCT_NAME = "$(TARGET_NAME)";
				SUPPORTED_PLATFORMS = "iphoneos iphonesimulator";
				SUPPORTS_MACCATALYST = NO;
				SUPPORTS_MAC_DESIGNED_FOR_IPHONE_IPAD = NO;
				SWIFT_EMIT_LOC_STRINGS = YES;
				SWIFT_VERSION = 5.0;
				TARGETED_DEVICE_FAMILY = 1;
			};
			name = Debug;
		};
		9D5A802B29BB9D5900648BA1 /* Release */ = {
			isa = XCBuildConfiguration;
			buildSettings = {
				ASSETCATALOG_COMPILER_APPICON_NAME = AppIcon;
				ASSETCATALOG_COMPILER_GLOBAL_ACCENT_COLOR_NAME = AccentColor;
				CODE_SIGN_STYLE = Automatic;
				CURRENT_PROJECT_VERSION = 1;
				DEVELOPMENT_TEAM = 24X4EL2BCS;
				ENABLE_PREVIEWS = YES;
				GENERATE_INFOPLIST_FILE = YES;
				INFOPLIST_KEY_CFBundleDisplayName = "Acelan Progress";
				INFOPLIST_KEY_UIApplicationSceneManifest_Generation = YES;
				INFOPLIST_KEY_UIApplicationSupportsIndirectInputEvents = YES;
				INFOPLIST_KEY_UILaunchScreen_Generation = YES;
				INFOPLIST_KEY_UISupportedInterfaceOrientations = UIInterfaceOrientationPortrait;
				INFOPLIST_KEY_UISupportedInterfaceOrientations_iPad = "UIInterfaceOrientationLandscapeLeft UIInterfaceOrientationLandscapeRight UIInterfaceOrientationPortrait UIInterfaceOrientationPortraitUpsideDown";
				IPHONEOS_DEPLOYMENT_TARGET = 14.5;
				LD_RUNPATH_SEARCH_PATHS = (
					"$(inherited)",
					"@executable_path/Frameworks",
				);
				MARKETING_VERSION = 1.0;
				PRODUCT_BUNDLE_IDENTIFIER = "ru.sfedu.mmcs.Acelan-Progress";
				PRODUCT_NAME = "$(TARGET_NAME)";
				SUPPORTED_PLATFORMS = "iphoneos iphonesimulator";
				SUPPORTS_MACCATALYST = NO;
				SUPPORTS_MAC_DESIGNED_FOR_IPHONE_IPAD = NO;
				SWIFT_EMIT_LOC_STRINGS = YES;
				SWIFT_VERSION = 5.0;
				TARGETED_DEVICE_FAMILY = 1;
			};
			name = Release;
		};
/* End XCBuildConfiguration section */

/* Begin XCConfigurationList section */
		9D5A801629BB9D5300648BA1 /* Build configuration list for PBXProject "AcelanProgress" */ = {
			isa = XCConfigurationList;
			buildConfigurations = (
				9D5A802729BB9D5900648BA1 /* Debug */,
				9D5A802829BB9D5900648BA1 /* Release */,
			);
			defaultConfigurationIsVisible = 0;
			defaultConfigurationName = Release;
		};
		9D5A802929BB9D5900648BA1 /* Build configuration list for PBXNativeTarget "AcelanProgress" */ = {
			isa = XCConfigurationList;
			buildConfigurations = (
				9D5A802A29BB9D5900648BA1 /* Debug */,
				9D5A802B29BB9D5900648BA1 /* Release */,
			);
			defaultConfigurationIsVisible = 0;
			defaultConfigurationName = Release;
		};
/* End XCConfigurationList section */

/* Begin XCRemoteSwiftPackageReference section */
		9D7AF9C229F3FC7100E7C9E1 /* XCRemoteSwiftPackageReference "SwiftDI" */ = {
			isa = XCRemoteSwiftPackageReference;
			repositoryURL = "https://github.com/purenative/SwiftDI.git";
			requirement = {
				kind = upToNextMajorVersion;
				minimumVersion = 0.0.2;
			};
		};
		9D7AF9C529F3FCEF00E7C9E1 /* XCRemoteSwiftPackageReference "AppConfiguration" */ = {
			isa = XCRemoteSwiftPackageReference;
			repositoryURL = "https://github.com/purenative/AppConfiguration.git";
			requirement = {
				kind = upToNextMajorVersion;
				minimumVersion = 0.0.1;
			};
		};
		9DA57BF829F417C100B3BBAE /* XCRemoteSwiftPackageReference "pncomponentns" */ = {
			isa = XCRemoteSwiftPackageReference;
			repositoryURL = "https://github.com/purenative/pncomponentns.git";
			requirement = {
				branch = main;
				kind = branch;
			};
		};
		9DA9DE0E29E3338A004F8274 /* XCRemoteSwiftPackageReference "StatefulArch" */ = {
			isa = XCRemoteSwiftPackageReference;
			repositoryURL = "https://github.com/purenative/StatefulArch";
			requirement = {
				kind = upToNextMajorVersion;
				minimumVersion = 0.1.1;
			};
		};
/* End XCRemoteSwiftPackageReference section */

/* Begin XCSwiftPackageProductDependency section */
		9D7AF9C329F3FC7100E7C9E1 /* SwiftDI */ = {
			isa = XCSwiftPackageProductDependency;
			package = 9D7AF9C229F3FC7100E7C9E1 /* XCRemoteSwiftPackageReference "SwiftDI" */;
			productName = SwiftDI;
		};
		9D7AF9C629F3FCEF00E7C9E1 /* AppConfiguration */ = {
			isa = XCSwiftPackageProductDependency;
			package = 9D7AF9C529F3FCEF00E7C9E1 /* XCRemoteSwiftPackageReference "AppConfiguration" */;
			productName = AppConfiguration;
		};
		9DA57BF929F417C100B3BBAE /* PNComponents */ = {
			isa = XCSwiftPackageProductDependency;
			package = 9DA57BF829F417C100B3BBAE /* XCRemoteSwiftPackageReference "pncomponentns" */;
			productName = PNComponents;
		};
		9DA9DE0F29E3338A004F8274 /* StatefulArch */ = {
			isa = XCSwiftPackageProductDependency;
			package = 9DA9DE0E29E3338A004F8274 /* XCRemoteSwiftPackageReference "StatefulArch" */;
			productName = StatefulArch;
		};
/* End XCSwiftPackageProductDependency section */
	};
	rootObject = 9D5A801329BB9D5300648BA1 /* Project object */;
}
